// !$*UTF8*$!
{
	archiveVersion = 1;
	classes = {
	};
	objectVersion = 38;
	objects = {
		080E96DDFE201D6D7F000001 = {
			children = (
				F560E2F20357506401A4E466,
				F560E2F10357506401A4E466,
				F560E311035787D501A4E466,
				F560E314035787F901A4E466,
				F59E47AF036AAC31016B311C,
				F560E312035787E001A4E466,
				F560E313035787ED01A4E466,
				E162698703B6189D00000028,
			);
			isa = PBXGroup;
			name = Classes;
			refType = 4;
		};
		089C165CFE840E0CC02AAC07 = {
			children = (
				089C165DFE840E0CC02AAC07,
			);
			isa = PBXVariantGroup;
			name = InfoPlist.strings;
			refType = 4;
		};
		089C165DFE840E0CC02AAC07 = {
			fileEncoding = 10;
			isa = PBXFileReference;
			name = English;
			path = English.lproj/InfoPlist.strings;
			refType = 4;
		};
//080
//081
//082
//083
//084
//100
//101
//102
//103
//104
		1058C7A0FEA54F0111CA2CBB = {
			children = (
				1058C7A1FEA54F0111CA2CBB,
				F5F240D0036A87E301FE7503,
				F5F24187036A90D901FE7503,
				F59E4BEA036B33EC016B311C,
				E14DB31203B8038300000028,
			);
			isa = PBXGroup;
			name = "Linked Frameworks";
			refType = 4;
		};
		1058C7A1FEA54F0111CA2CBB = {
			isa = PBXFrameworkReference;
			name = Cocoa.framework;
			path = /System/Library/Frameworks/Cocoa.framework;
			refType = 0;
		};
		1058C7A2FEA54F0111CA2CBB = {
			children = (
				29B97325FDCFA39411CA2CEA,
				29B97324FDCFA39411CA2CEA,
			);
			isa = PBXGroup;
			name = "Other Frameworks";
			refType = 4;
		};
		1058C7A3FEA54F0111CA2CBB = {
			fileRef = 1058C7A1FEA54F0111CA2CBB;
			isa = PBXBuildFile;
			settings = {
			};
		};
//100
//101
//102
//103
//104
//170
//171
//172
//173
//174
		17587328FF379C6511CA2CBB = {
			isa = PBXApplicationReference;
			path = Pester.app;
			refType = 3;
		};
//170
//171
//172
//173
//174
//190
//191
//192
//193
//194
		19C28FACFE9D520D11CA2CBB = {
			children = (
				17587328FF379C6511CA2CBB,
				F562F809037E5D0101AEEDB1,
			);
			isa = PBXGroup;
			name = Products;
			refType = 4;
		};
//190
//191
//192
//193
//194
//290
//291
//292
//293
//294
		29B97313FDCFA39411CA2CEA = {
			buildStyles = (
				4A9504CCFFE6A4B311CA0CBA,
				4A9504CDFFE6A4B311CA0CBA,
			);
			hasScannedForEncodings = 1;
			isa = PBXProject;
			mainGroup = 29B97314FDCFA39411CA2CEA;
			projectDirPath = "";
			targets = (
				29B97326FDCFA39411CA2CEA,
			);
		};
		29B97314FDCFA39411CA2CEA = {
			children = (
				080E96DDFE201D6D7F000001,
				29B97315FDCFA39411CA2CEA,
				E19DCBE503BE516000B934BF,
				29B97317FDCFA39411CA2CEA,
				29B97323FDCFA39411CA2CEA,
				19C28FACFE9D520D11CA2CBB,
			);
			isa = PBXGroup;
			name = Pester;
			path = "";
			refType = 4;
		};
		29B97315FDCFA39411CA2CEA = {
			children = (
				E19DCBD203BE4AA200B934BF,
				29B97316FDCFA39411CA2CEA,
			);
			isa = PBXGroup;
			name = "Other Sources";
			path = "";
			refType = 4;
		};
		29B97316FDCFA39411CA2CEA = {
			fileEncoding = 30;
			isa = PBXFileReference;
			path = main.m;
			refType = 4;
		};
		29B97317FDCFA39411CA2CEA = {
			children = (
				F5243DA40378681101AEEDB1,
				29B97318FDCFA39411CA2CEA,
				F560E2EE03574F8A01A4E466,
				F59DC6DF0353DF5E01AEEDB1,
				F59E4BDE036B1D94016B311C,
				089C165CFE840E0CC02AAC07,
				F59DD44F0358ABF4017318D0,
				F59DC6E30353ED1201AEEDB1,
			);
			isa = PBXGroup;
			name = Resources;
			path = "";
			refType = 4;
		};
		29B97318FDCFA39411CA2CEA = {
			children = (
				29B97319FDCFA39411CA2CEA,
			);
			isa = PBXVariantGroup;
			name = MainMenu.nib;
			path = "";
			refType = 4;
		};
		29B97319FDCFA39411CA2CEA = {
			isa = PBXFileReference;
			name = English;
			path = English.lproj/MainMenu.nib;
			refType = 4;
		};
		29B97323FDCFA39411CA2CEA = {
			children = (
				1058C7A0FEA54F0111CA2CBB,
				1058C7A2FEA54F0111CA2CBB,
				E162698803B618BD00000028,
			);
			isa = PBXGroup;
			name = Frameworks;
			path = "";
			refType = 4;
		};
		29B97324FDCFA39411CA2CEA = {
			isa = PBXFrameworkReference;
			name = AppKit.framework;
			path = /System/Library/Frameworks/AppKit.framework;
			refType = 0;
		};
		29B97325FDCFA39411CA2CEA = {
			isa = PBXFrameworkReference;
			name = Foundation.framework;
			path = /System/Library/Frameworks/Foundation.framework;
			refType = 0;
		};
		29B97326FDCFA39411CA2CEA = {
			buildPhases = (
				29B97327FDCFA39411CA2CEA,
				29B97328FDCFA39411CA2CEA,
				29B9732BFDCFA39411CA2CEA,
				29B9732DFDCFA39411CA2CEA,
				E130B9A903B7AEED00000028,
			);
			buildSettings = {
				CURRENT_PROJECT_VERSION = 5;
				FRAMEWORK_SEARCH_PATHS = "\"$(SYSTEM_LIBRARY_DIR)/PrivateFrameworks\"";
				HEADER_SEARCH_PATHS = "";
				INSTALL_PATH = /;
				JAVA_COMPILER_DEBUGGING_SYMBOLS = NO;
				LIBRARY_SEARCH_PATHS = "";
				OTHER_CFLAGS = "";
				PRECOMPILE_PREFIX_HEADER = YES;
				PREFIX_HEADER = Pester_Prefix.h;
				PRODUCT_NAME = Pester;
				PRODUCT_VERSION = 1.1a4;
				SECTORDER_FLAGS = "";
				USE_GCC3_PFE_SUPPORT = YES;
				VERSIONING_SYSTEM = "apple-generic";
				WARNING_CFLAGS = "-Wmost -Wno-four-char-constants -Wno-unknown-pragmas";
				WRAPPER_EXTENSION = app;
			};
			dependencies = (
			);
			isa = PBXApplicationTarget;
			name = Pester;
			productInstallPath = /;
			productName = Pester;
			productReference = 17587328FF379C6511CA2CBB;
			productSettingsXML = "<?xml version=\"1.0\" encoding=\"UTF-8\"?>
<!DOCTYPE plist PUBLIC \"-//Apple Computer//DTD PLIST 1.0//EN\" \"http://www.apple.com/DTDs/PropertyList-1.0.dtd\">
<plist version=\"1.0\">
<dict>
	<key>CFBundleDevelopmentRegion</key>
	<string>English</string>
	<key>CFBundleExecutable</key>
	<string>Pester</string>
	<key>CFBundleGetInfoString</key>
	<string>Pester 1.1a5, © 2002 Nicholas Riley</string>
	<key>CFBundleIconFile</key>
	<string>Application icon</string>
	<key>CFBundleIdentifier</key>
	<string>net.sabi.Pester</string>
	<key>CFBundleInfoDictionaryVersion</key>
	<string>6.0</string>
	<key>CFBundleName</key>
	<string>Pester</string>
	<key>CFBundlePackageType</key>
	<string>APPL</string>
	<key>CFBundleShortVersionString</key>
	<string>1.1a5</string>
	<key>CFBundleSignature</key>
	<string>Pstr</string>
	<key>CFBundleVersion</key>
	<string>5</string>
	<key>NSMainNibFile</key>
	<string>MainMenu</string>
	<key>NSPrincipalClass</key>
	<string>PSApplication</string>
</dict>
</plist>
";
		};
		29B97327FDCFA39411CA2CEA = {
			buildActionMask = 2147483647;
			files = (
				E19DCBD303BE4AA200B934BF,
				F5F240BA036A867901FE7503,
				F59DC6FE0354188F01AEEDB1,
				F5F240B7036A862301FE7503,
				F560E3170357895001A4E466,
				F59DC6EB0353F58B01AEEDB1,
				F515C768037DFB56018DB5B3,
				F552A8AD0358E8B201AEEDB1,
				F5F198D3036BE57401EB0372,
				F5B79839035F64F80136A8DD,
				E1F0B14C03AD8CEF00AEFBE0,
				F5F19873036B822E01EB0372,
				E1F0B26A03AEDE8600AEFBE0,
				E162698B03B6190B00000028,
				F5B79868038865B30136A8DD,
				F5EE8DBC038A76AC0134BEAC,
				E191700C03AD24A700AEFBE0,
				F5F19910036D3B3101EB0372,
				F59E4C10036B43D2016B311C,
				E1F0B15003ADBE3800AEFBE0,
				E162698603B6189000000028,
				F59F6CB60354E7DA01AEEDB1,
				F59E47B7036AAD55016B311C,
				F59DC6DD0353DE5101AEEDB1,
				F59DC6D50353C9E601AEEDB1,
				F517D6450356B8CC016D68B9,
				F517D6410356B80C016D68B9,
				F59E47AA036AAA6D016B311C,
				E1A18CAD03B4344C00000028,
				F560E2F40357506501A4E466,
				F59E47AE036AAC1E016B311C,
				F59E47BB036AB217016B311C,
				F59E47BF036AB228016B311C,
				F59E47C3036B1ADD016B311C,
				F59E47B3036AACD1016B311C,
				E1A18CB403B439CF00000028,
				F59E4BE9036B2E5E016B311C,
				F5F1986F036B813101EB0372,
				F5F19868036B80AF01EB0372,
				F5F2418B036A910B01FE7503,
				E130B9AE03B7C59700000028,
				E13919E403B9E4E100000028,
				E1ECA00803C002B300F54C66,
			);
			isa = PBXHeadersBuildPhase;
			runOnlyForDeploymentPostprocessing = 0;
		};
		29B97328FDCFA39411CA2CEA = {
			buildActionMask = 2147483647;
			files = (
				F59DC6E10353DF5E01AEEDB1,
				F59DC6E40353ED1201AEEDB1,
				F560E2F003574F8A01A4E466,
				F560E2F6035766F101A4E466,
				F560E2F7035766F201A4E466,
				F59DD4510358ABF7017318D0,
				F589C9C7035AA12E0155F4B2,
				F59E4BE0036B1D94016B311C,
				F5243DA50378681101AEEDB1,
			);
			isa = PBXResourcesBuildPhase;
			runOnlyForDeploymentPostprocessing = 0;
		};
		29B9732BFDCFA39411CA2CEA = {
			buildActionMask = 2147483647;
			files = (
				F5F240CB036A869401FE7503,
				F59DC6FF0354188F01AEEDB1,
				F5F240B8036A862301FE7503,
				F560E3180357895001A4E466,
				F59DC6EA0353F58B01AEEDB1,
				F5F240CE036A877301FE7503,
				F552A8AE0358E8B201AEEDB1,
				F5F198D2036BE57401EB0372,
				F5B79838035F64F80136A8DD,
				E1F0B14D03AD8CEF00AEFBE0,
				F5F19872036B822E01EB0372,
				E1F0B26B03AEDE8600AEFBE0,
				E14AFB7703B620FE00000028,
				F5B79867038865B30136A8DD,
				F5EE8DBB038A76AC0134BEAC,
				F5F1990F036D3B3101EB0372,
				F59E4C0F036B43D2016B311C,
				E1F0B15103ADBE3800AEFBE0,
				E162698503B6189000000028,
				F59F6CB70354E7DA01AEEDB1,
				F59E47B6036AAD55016B311C,
				F59DC6DE0353DE5101AEEDB1,
				F59DC6D60353C9E601AEEDB1,
				F517D6440356B8CC016D68B9,
				F517D6400356B80C016D68B9,
				F59E47A9036AAA6D016B311C,
				E1A18CAE03B4344C00000028,
				F560E2F30357506401A4E466,
				F59E47AD036AAC1E016B311C,
				F59E47BA036AB217016B311C,
				F59E47BE036AB228016B311C,
				F59E47C2036B1ADD016B311C,
				F59E47B2036AACD1016B311C,
				E1271F040000012300000028,
				F59E4BE8036B2E5E016B311C,
				E1A18CB103B439AD00000028,
				F5F19869036B80AF01EB0372,
				29B9732CFDCFA39411CA2CEA,
				E13919E503B9E4E100000028,
				E1ECA00903C002B300F54C66,
			);
			isa = PBXSourcesBuildPhase;
			runOnlyForDeploymentPostprocessing = 0;
		};
		29B9732CFDCFA39411CA2CEA = {
			fileRef = 29B97316FDCFA39411CA2CEA;
			isa = PBXBuildFile;
			settings = {
				ATTRIBUTES = (
				);
			};
		};
		29B9732DFDCFA39411CA2CEA = {
			buildActionMask = 2147483647;
			files = (
				1058C7A3FEA54F0111CA2CBB,
				F5F24166036A87E401FE7503,
				F5F24189036A90D901FE7503,
				F59E4C0C036B33EC016B311C,
				E14DB31303B8038300000028,
			);
			isa = PBXFrameworksBuildPhase;
			runOnlyForDeploymentPostprocessing = 0;
		};
//290
//291
//292
//293
//294
//4A0
//4A1
//4A2
//4A3
//4A4
		4A9504CCFFE6A4B311CA0CBA = {
			buildRules = (
			);
			buildSettings = {
				COPY_PHASE_STRIP = NO;
				OPTIMIZATION_CFLAGS = "-O0";
			};
			isa = PBXBuildStyle;
			name = Development;
		};
		4A9504CDFFE6A4B311CA0CBA = {
			buildRules = (
			);
			buildSettings = {
				COPY_PHASE_STRIP = YES;
			};
			isa = PBXBuildStyle;
			name = Deployment;
		};
//4A0
//4A1
//4A2
//4A3
//4A4
//E10
//E11
//E12
//E13
//E14
		E1271F040000012300000028 = {
			fileRef = E130B9AD03B7C59700000028;
			isa = PBXBuildFile;
			settings = {
			};
		};
		E130B9A903B7AEED00000028 = {
			buildActionMask = 2147483647;
			files = (
			);
			generatedFileNames = (
			);
			isa = PBXShellScriptBuildPhase;
			neededFileNames = (
			);
			runOnlyForDeploymentPostprocessing = 0;
			shellPath = /bin/sh;
			shellScript = "/Developer/Tools/agvtool mvers -terse >| ${SRCROOT}/VERSION";
		};
		E130B9AC03B7C59700000028 = {
			fileEncoding = 4;
			isa = PBXFileReference;
			path = PSPowerManager.h;
			refType = 4;
		};
		E130B9AD03B7C59700000028 = {
			fileEncoding = 4;
			isa = PBXFileReference;
			path = PSPowerManager.m;
			refType = 4;
		};
		E130B9AE03B7C59700000028 = {
			fileRef = E130B9AC03B7C59700000028;
			isa = PBXBuildFile;
			settings = {
			};
		};
		E13919E203B9E4E100000028 = {
			fileEncoding = 4;
			isa = PBXFileReference;
			path = NJRIntervalField.h;
			refType = 4;
		};
		E13919E303B9E4E100000028 = {
			fileEncoding = 30;
			isa = PBXFileReference;
			path = NJRIntervalField.m;
			refType = 4;
		};
		E13919E403B9E4E100000028 = {
			fileRef = E13919E203B9E4E100000028;
			isa = PBXBuildFile;
			settings = {
			};
		};
		E13919E503B9E4E100000028 = {
			fileRef = E13919E303B9E4E100000028;
			isa = PBXBuildFile;
			settings = {
			};
		};
		E14AFB7703B620FE00000028 = {
			fileRef = E162698A03B6190B00000028;
			isa = PBXBuildFile;
			settings = {
			};
		};
		E14DB31203B8038300000028 = {
			isa = PBXFrameworkReference;
			name = IOKit.framework;
			path = /System/Library/Frameworks/IOKit.framework;
			refType = 0;
		};
		E14DB31303B8038300000028 = {
			fileRef = E14DB31203B8038300000028;
			isa = PBXBuildFile;
			settings = {
			};
		};
		E162698303B6189000000028 = {
			fileEncoding = 30;
			isa = PBXFileReference;
			path = "NSTableView-NJRExtensions.m";
			refType = 4;
		};
		E162698403B6189000000028 = {
			fileEncoding = 30;
			isa = PBXFileReference;
			path = "NSTableView-NJRExtensions.h";
			refType = 4;
		};
		E162698503B6189000000028 = {
			fileRef = E162698303B6189000000028;
			isa = PBXBuildFile;
			settings = {
			};
		};
		E162698603B6189000000028 = {
			fileRef = E162698403B6189000000028;
			isa = PBXBuildFile;
			settings = {
			};
		};
		E162698703B6189D00000028 = {
			children = (
				E1F0B26803AEDE8600AEFBE0,
				E1F0B26903AEDE8600AEFBE0,
				E162698903B6190B00000028,
				E162698A03B6190B00000028,
				F5B79866038865B30136A8DD,
				F5B79865038865B30136A8DD,
				F5EE8DBA038A76AC0134BEAC,
				F5EE8DB9038A76AC0134BEAC,
				F5F1990E036D3B3101EB0372,
				F5F1990D036D3B3101EB0372,
				F59E4C0E036B43D2016B311C,
				F59E4C0D036B43D2016B311C,
				E1F0B14E03ADBE3800AEFBE0,
				E1F0B14F03ADBE3800AEFBE0,
				E162698303B6189000000028,
				E162698403B6189000000028,
			);
			isa = PBXGroup;
			name = Categories;
			path = "";
			refType = 4;
		};
		E162698803B618BD00000028 = {
			children = (
				F5F2418A036A910B01FE7503,
				E191700B03AD24A600AEFBE0,
			);
			isa = PBXGroup;
			name = "Private Headers";
			path = "";
			refType = 4;
		};
		E162698903B6190B00000028 = {
			fileEncoding = 4;
			isa = PBXFileReference;
			path = "NSCalendarDate-NJRExtensions.h";
			refType = 4;
		};
		E162698A03B6190B00000028 = {
			fileEncoding = 4;
			isa = PBXFileReference;
			path = "NSCalendarDate-NJRExtensions.m";
			refType = 4;
		};
		E162698B03B6190B00000028 = {
			fileRef = E162698903B6190B00000028;
			isa = PBXBuildFile;
			settings = {
			};
		};
		E191700B03AD24A600AEFBE0 = {
			fileEncoding = 4;
			isa = PBXFileReference;
			path = NSDisclosureButtonCell.h;
			refType = 4;
		};
		E191700C03AD24A700AEFBE0 = {
			fileRef = E191700B03AD24A600AEFBE0;
			isa = PBXBuildFile;
			settings = {
			};
		};
		E19DCBD203BE4AA200B934BF = {
			fileEncoding = 30;
			isa = PBXFileReference;
			path = Pester_Prefix.h;
			refType = 4;
		};
		E19DCBD303BE4AA200B934BF = {
			fileRef = E19DCBD203BE4AA200B934BF;
			isa = PBXBuildFile;
			settings = {
			};
		};
		E19DCBE503BE516000B934BF = {
			children = (
				F589C9C6035AA12B0155F4B2,
			);
			isa = PBXGroup;
			name = Documentation;
			path = "";
			refType = 4;
		};
		E1A18CAB03B4344C00000028 = {
			fileEncoding = 4;
			isa = PBXFileReference;
			path = PSAlerts.h;
			refType = 4;
		};
		E1A18CAC03B4344C00000028 = {
			fileEncoding = 30;
			isa = PBXFileReference;
			path = PSAlerts.m;
			refType = 4;
		};
		E1A18CAD03B4344C00000028 = {
			fileRef = E1A18CAB03B4344C00000028;
			isa = PBXBuildFile;
			settings = {
			};
		};
		E1A18CAE03B4344C00000028 = {
			fileRef = E1A18CAC03B4344C00000028;
			isa = PBXBuildFile;
			settings = {
			};
		};
		E1A18CB103B439AD00000028 = {
			fileRef = F5F1986C036B813101EB0372;
			isa = PBXBuildFile;
			settings = {
			};
		};
		E1A18CB203B439CF00000028 = {
			fileEncoding = 4;
			isa = PBXFileReference;
			path = PSPropertyListSerialization.h;
			refType = 2;
		};
		E1A18CB403B439CF00000028 = {
			fileRef = E1A18CB203B439CF00000028;
			isa = PBXBuildFile;
			settings = {
			};
		};
		E1ECA00603C002B300F54C66 = {
			fileEncoding = 4;
			isa = PBXFileReference;
			path = PSError.h;
			refType = 2;
		};
		E1ECA00703C002B300F54C66 = {
			fileEncoding = 4;
			isa = PBXFileReference;
			path = PSError.m;
			refType = 2;
		};
		E1ECA00803C002B300F54C66 = {
			fileRef = E1ECA00603C002B300F54C66;
			isa = PBXBuildFile;
			settings = {
			};
		};
		E1ECA00903C002B300F54C66 = {
			fileRef = E1ECA00703C002B300F54C66;
			isa = PBXBuildFile;
			settings = {
			};
		};
		E1F0B14A03AD8CEF00AEFBE0 = {
			fileEncoding = 4;
			isa = PBXFileReference;
			path = NJRUnfocusableMovieView.h;
			refType = 4;
		};
		E1F0B14B03AD8CEF00AEFBE0 = {
			fileEncoding = 4;
			isa = PBXFileReference;
			path = NJRUnfocusableMovieView.m;
			refType = 4;
		};
		E1F0B14C03AD8CEF00AEFBE0 = {
			fileRef = E1F0B14A03AD8CEF00AEFBE0;
			isa = PBXBuildFile;
			settings = {
			};
		};
		E1F0B14D03AD8CEF00AEFBE0 = {
			fileRef = E1F0B14B03AD8CEF00AEFBE0;
			isa = PBXBuildFile;
			settings = {
			};
		};
		E1F0B14E03ADBE3800AEFBE0 = {
			fileEncoding = 4;
			isa = PBXFileReference;
			path = "NSString-NJRExtensions.h";
			refType = 4;
		};
		E1F0B14F03ADBE3800AEFBE0 = {
			fileEncoding = 4;
			isa = PBXFileReference;
			path = "NSString-NJRExtensions.m";
			refType = 4;
		};
		E1F0B15003ADBE3800AEFBE0 = {
			fileRef = E1F0B14E03ADBE3800AEFBE0;
			isa = PBXBuildFile;
			settings = {
			};
		};
		E1F0B15103ADBE3800AEFBE0 = {
			fileRef = E1F0B14F03ADBE3800AEFBE0;
			isa = PBXBuildFile;
			settings = {
			};
		};
		E1F0B26803AEDE8600AEFBE0 = {
			fileEncoding = 4;
			isa = PBXFileReference;
			path = "NSAttributedString-NJRExtensions.h";
			refType = 4;
		};
		E1F0B26903AEDE8600AEFBE0 = {
			fileEncoding = 4;
			isa = PBXFileReference;
			path = "NSAttributedString-NJRExtensions.m";
			refType = 4;
		};
		E1F0B26A03AEDE8600AEFBE0 = {
			fileRef = E1F0B26803AEDE8600AEFBE0;
			isa = PBXBuildFile;
			settings = {
			};
		};
		E1F0B26B03AEDE8600AEFBE0 = {
			fileRef = E1F0B26903AEDE8600AEFBE0;
			isa = PBXBuildFile;
			settings = {
			};
		};
//E10
//E11
//E12
//E13
//E14
//F50
//F51
//F52
//F53
//F54
		F515C768037DFB56018DB5B3 = {
			fileRef = F5F240CD036A877301FE7503;
			isa = PBXBuildFile;
			settings = {
			};
		};
		F517D63E0356B80C016D68B9 = {
			fileEncoding = 30;
			isa = PBXFileReference;
			path = PSAlarmsController.m;
			refType = 4;
		};
		F517D63F0356B80C016D68B9 = {
			fileEncoding = 30;
			isa = PBXFileReference;
			path = PSAlarmsController.h;
			refType = 4;
		};
		F517D6400356B80C016D68B9 = {
			fileRef = F517D63E0356B80C016D68B9;
			isa = PBXBuildFile;
			settings = {
			};
		};
		F517D6410356B80C016D68B9 = {
			fileRef = F517D63F0356B80C016D68B9;
			isa = PBXBuildFile;
			settings = {
			};
		};
		F517D6420356B8CC016D68B9 = {
			fileEncoding = 30;
			isa = PBXFileReference;
			path = PSAlarms.m;
			refType = 4;
		};
		F517D6430356B8CC016D68B9 = {
			fileEncoding = 30;
			isa = PBXFileReference;
			path = PSAlarms.h;
			refType = 4;
		};
		F517D6440356B8CC016D68B9 = {
			fileRef = F517D6420356B8CC016D68B9;
			isa = PBXBuildFile;
			settings = {
			};
		};
		F517D6450356B8CC016D68B9 = {
			fileRef = F517D6430356B8CC016D68B9;
			isa = PBXBuildFile;
			settings = {
			};
		};
		F5243DA40378681101AEEDB1 = {
			isa = PBXFileReference;
			path = "Popup triangle.tiff";
			refType = 4;
		};
		F5243DA50378681101AEEDB1 = {
			fileRef = F5243DA40378681101AEEDB1;
			isa = PBXBuildFile;
			settings = {
			};
		};
		F552A8AB0358E8B201AEEDB1 = {
			fileEncoding = 30;
			isa = PBXFileReference;
			path = NJRScrollView.h;
			refType = 4;
		};
		F552A8AC0358E8B201AEEDB1 = {
			fileEncoding = 30;
			isa = PBXFileReference;
			path = NJRScrollView.m;
			refType = 4;
		};
		F552A8AD0358E8B201AEEDB1 = {
			fileRef = F552A8AB0358E8B201AEEDB1;
			isa = PBXBuildFile;
			settings = {
			};
		};
		F552A8AE0358E8B201AEEDB1 = {
			fileRef = F552A8AC0358E8B201AEEDB1;
			isa = PBXBuildFile;
			settings = {
			};
		};
		F560E2EE03574F8A01A4E466 = {
			children = (
				F560E2EF03574F8A01A4E466,
			);
			isa = PBXVariantGroup;
			name = Alarms.nib;
			path = "";
			refType = 4;
		};
		F560E2EF03574F8A01A4E466 = {
			isa = PBXFileReference;
			name = English;
			path = English.lproj/Alarms.nib;
			refType = 4;
		};
		F560E2F003574F8A01A4E466 = {
			fileRef = F560E2EE03574F8A01A4E466;
			isa = PBXBuildFile;
			settings = {
			};
		};
		F560E2F10357506401A4E466 = {
			fileEncoding = 30;
			isa = PBXFileReference;
			path = PSApplication.m;
			refType = 4;
		};
		F560E2F20357506401A4E466 = {
			fileEncoding = 30;
			isa = PBXFileReference;
			path = PSApplication.h;
			refType = 4;
		};
		F560E2F30357506401A4E466 = {
			fileRef = F560E2F10357506401A4E466;
			isa = PBXBuildFile;
			settings = {
			};
		};
		F560E2F40357506501A4E466 = {
			fileRef = F560E2F20357506401A4E466;
			isa = PBXBuildFile;
			settings = {
			};
		};
		F560E2F6035766F101A4E466 = {
			fileRef = 29B97318FDCFA39411CA2CEA;
			isa = PBXBuildFile;
			settings = {
			};
		};
		F560E2F7035766F201A4E466 = {
			fileRef = 089C165CFE840E0CC02AAC07;
			isa = PBXBuildFile;
			settings = {
			};
		};
		F560E311035787D501A4E466 = {
			children = (
				F517D63F0356B80C016D68B9,
				F517D63E0356B80C016D68B9,
				F59DC6D30353C9E601AEEDB1,
				F59DC6D40353C9E601AEEDB1,
				F59E47B5036AAD55016B311C,
				F59E47B4036AAD55016B311C,
				F59DC6DB0353DE5101AEEDB1,
				F59DC6DC0353DE5101AEEDB1,
				F59E47C1036B1ADD016B311C,
				F59E47C0036B1ADD016B311C,
				F5F198D1036BE57401EB0372,
				F5F198D0036BE57401EB0372,
			);
			isa = PBXGroup;
			name = Controllers;
			refType = 4;
		};
		F560E312035787E001A4E466 = {
			children = (
				F517D6430356B8CC016D68B9,
				F517D6420356B8CC016D68B9,
				F59F6CB40354E7DA01AEEDB1,
				F59F6CB50354E7DA01AEEDB1,
			);
			isa = PBXGroup;
			name = Alarms;
			refType = 4;
		};
		F560E313035787ED01A4E466 = {
			children = (
				F5F19865036B806201EB0372,
				F59E47A6036AA5FC016B311C,
				E1ECA00603C002B300F54C66,
				E1ECA00703C002B300F54C66,
				E1A18CB203B439CF00000028,
				E130B9AC03B7C59700000028,
				E130B9AD03B7C59700000028,
				F59DC6E90353F58B01AEEDB1,
				F59DC6E80353F58B01AEEDB1,
				F59DC6FC0354188F01AEEDB1,
				F59DC6FD0354188F01AEEDB1,
			);
			isa = PBXGroup;
			name = Utilities;
			refType = 4;
		};
		F560E314035787F901A4E466 = {
			children = (
				E1F0B14A03AD8CEF00AEFBE0,
				E1F0B14B03AD8CEF00AEFBE0,
				F5B79837035F64F80136A8DD,
				F5B79836035F64F80136A8DD,
				F552A8AB0358E8B201AEEDB1,
				F552A8AC0358E8B201AEEDB1,
				F560E3150357895001A4E466,
				F560E3160357895001A4E466,
				E13919E203B9E4E100000028,
				E13919E303B9E4E100000028,
				F5F240B6036A862101FE7503,
				F5F240B5036A862101FE7503,
				F5F240CD036A877301FE7503,
				F5F240CC036A877301FE7503,
				F5F19871036B822E01EB0372,
				F5F19870036B822E01EB0372,
			);
			isa = PBXGroup;
			name = Views;
			path = "";
			refType = 4;
		};
		F560E3150357895001A4E466 = {
			fileEncoding = 30;
			isa = PBXFileReference;
			path = NJRHistoryTrackingComboBox.h;
			refType = 4;
		};
		F560E3160357895001A4E466 = {
			fileEncoding = 30;
			isa = PBXFileReference;
			path = NJRHistoryTrackingComboBox.m;
			refType = 4;
		};
		F560E3170357895001A4E466 = {
			fileRef = F560E3150357895001A4E466;
			isa = PBXBuildFile;
			settings = {
			};
		};
		F560E3180357895001A4E466 = {
			fileRef = F560E3160357895001A4E466;
			isa = PBXBuildFile;
			settings = {
			};
		};
		F562F809037E5D0101AEEDB1 = {
			fileEncoding = 30;
			isa = PBXFileReference;
			path = VERSION;
			refType = 4;
		};
		F589C9C6035AA12B0155F4B2 = {
			isa = PBXFileReference;
			path = "Read Me.rtfd";
			refType = 4;
		};
		F589C9C7035AA12E0155F4B2 = {
			fileRef = F589C9C6035AA12B0155F4B2;
			isa = PBXBuildFile;
			settings = {
			};
		};
		F59DC6D30353C9E601AEEDB1 = {
			fileEncoding = 30;
			isa = PBXFileReference;
			path = PSAlarmSetController.h;
			refType = 4;
		};
		F59DC6D40353C9E601AEEDB1 = {
			fileEncoding = 30;
			isa = PBXFileReference;
			path = PSAlarmSetController.m;
			refType = 4;
		};
		F59DC6D50353C9E601AEEDB1 = {
			fileRef = F59DC6D30353C9E601AEEDB1;
			isa = PBXBuildFile;
			settings = {
			};
		};
		F59DC6D60353C9E601AEEDB1 = {
			fileRef = F59DC6D40353C9E601AEEDB1;
			isa = PBXBuildFile;
			settings = {
			};
		};
		F59DC6DB0353DE5101AEEDB1 = {
			fileEncoding = 30;
			isa = PBXFileReference;
			path = PSAlarmNotifierController.h;
			refType = 4;
		};
		F59DC6DC0353DE5101AEEDB1 = {
			fileEncoding = 30;
			isa = PBXFileReference;
			path = PSAlarmNotifierController.m;
			refType = 4;
		};
		F59DC6DD0353DE5101AEEDB1 = {
			fileRef = F59DC6DB0353DE5101AEEDB1;
			isa = PBXBuildFile;
			settings = {
			};
		};
		F59DC6DE0353DE5101AEEDB1 = {
			fileRef = F59DC6DC0353DE5101AEEDB1;
			isa = PBXBuildFile;
			settings = {
			};
		};
		F59DC6DF0353DF5E01AEEDB1 = {
			children = (
				F59DC6E00353DF5E01AEEDB1,
			);
			isa = PBXVariantGroup;
			name = Notifier.nib;
			path = "";
			refType = 4;
		};
		F59DC6E00353DF5E01AEEDB1 = {
			isa = PBXFileReference;
			name = English;
			path = English.lproj/Notifier.nib;
			refType = 4;
		};
		F59DC6E10353DF5E01AEEDB1 = {
			fileRef = F59DC6DF0353DF5E01AEEDB1;
			isa = PBXBuildFile;
			settings = {
			};
		};
		F59DC6E30353ED1201AEEDB1 = {
			isa = PBXFileReference;
			path = "Application icon.icns";
			refType = 4;
		};
		F59DC6E40353ED1201AEEDB1 = {
			fileRef = F59DC6E30353ED1201AEEDB1;
			isa = PBXBuildFile;
			settings = {
			};
		};
		F59DC6E80353F58B01AEEDB1 = {
			fileEncoding = 30;
			isa = PBXFileReference;
			path = NJRIntegerFilter.m;
			refType = 4;
		};
		F59DC6E90353F58B01AEEDB1 = {
			fileEncoding = 30;
			isa = PBXFileReference;
			path = NJRIntegerFilter.h;
			refType = 4;
		};
		F59DC6EA0353F58B01AEEDB1 = {
			fileRef = F59DC6E80353F58B01AEEDB1;
			isa = PBXBuildFile;
			settings = {
			};
		};
		F59DC6EB0353F58B01AEEDB1 = {
			fileRef = F59DC6E90353F58B01AEEDB1;
			isa = PBXBuildFile;
			settings = {
			};
		};
		F59DC6FC0354188F01AEEDB1 = {
			fileEncoding = 30;
			isa = PBXFileReference;
			path = NJRDateFormatter.h;
			refType = 4;
		};
		F59DC6FD0354188F01AEEDB1 = {
			fileEncoding = 30;
			isa = PBXFileReference;
			path = NJRDateFormatter.m;
			refType = 4;
		};
		F59DC6FE0354188F01AEEDB1 = {
			fileRef = F59DC6FC0354188F01AEEDB1;
			isa = PBXBuildFile;
			settings = {
			};
		};
		F59DC6FF0354188F01AEEDB1 = {
			fileRef = F59DC6FD0354188F01AEEDB1;
			isa = PBXBuildFile;
			settings = {
			};
		};
		F59DD44F0358ABF4017318D0 = {
			children = (
				F59DD4500358ABF4017318D0,
			);
			isa = PBXVariantGroup;
			name = Credits.html;
			path = "";
			refType = 4;
		};
		F59DD4500358ABF4017318D0 = {
			fileEncoding = 30;
			isa = PBXFileReference;
			name = English;
			path = English.lproj/Credits.html;
			refType = 4;
		};
		F59DD4510358ABF7017318D0 = {
			fileRef = F59DD44F0358ABF4017318D0;
			isa = PBXBuildFile;
			settings = {
			};
		};
		F59E47A6036AA5FC016B311C = {
			children = (
				F5F240B9036A867901FE7503,
				F5F240CA036A869401FE7503,
			);
			isa = PBXGroup;
			name = BDAlias;
			path = "";
			refType = 4;
		};
		F59E47A7036AAA6D016B311C = {
			fileEncoding = 30;
			isa = PBXFileReference;
			path = PSAlert.m;
			refType = 4;
		};
		F59E47A8036AAA6D016B311C = {
			fileEncoding = 30;
			isa = PBXFileReference;
			path = PSAlert.h;
			refType = 4;
		};
		F59E47A9036AAA6D016B311C = {
			fileRef = F59E47A7036AAA6D016B311C;
			isa = PBXBuildFile;
			settings = {
			};
		};
		F59E47AA036AAA6D016B311C = {
			fileRef = F59E47A8036AAA6D016B311C;
			isa = PBXBuildFile;
			settings = {
			};
		};
		F59E47AB036AAC1E016B311C = {
			fileEncoding = 30;
			isa = PBXFileReference;
			path = PSBeepAlert.m;
			refType = 4;
		};
		F59E47AC036AAC1E016B311C = {
			fileEncoding = 30;
			isa = PBXFileReference;
			path = PSBeepAlert.h;
			refType = 4;
		};
		F59E47AD036AAC1E016B311C = {
			fileRef = F59E47AB036AAC1E016B311C;
			isa = PBXBuildFile;
			settings = {
			};
		};
		F59E47AE036AAC1E016B311C = {
			fileRef = F59E47AC036AAC1E016B311C;
			isa = PBXBuildFile;
			settings = {
			};
		};
		F59E47AF036AAC31016B311C = {
			children = (
				E1A18CAB03B4344C00000028,
				E1A18CAC03B4344C00000028,
				F59E47A8036AAA6D016B311C,
				F59E47A7036AAA6D016B311C,
				F59E47B9036AB217016B311C,
				F59E47B8036AB217016B311C,
				F59E4BE7036B2E5E016B311C,
				F59E4BE6036B2E5E016B311C,
				F59E47B1036AACD1016B311C,
				F59E47B0036AACD1016B311C,
				F59E47AC036AAC1E016B311C,
				F59E47AB036AAC1E016B311C,
				F59E47BD036AB228016B311C,
				F59E47BC036AB228016B311C,
				F5F1986D036B813101EB0372,
				F5F1986C036B813101EB0372,
			);
			isa = PBXGroup;
			name = Alerts;
			path = "";
			refType = 4;
		};
		F59E47B0036AACD1016B311C = {
			fileEncoding = 30;
			isa = PBXFileReference;
			path = PSNotifierAlert.m;
			refType = 4;
		};
		F59E47B1036AACD1016B311C = {
			fileEncoding = 30;
			isa = PBXFileReference;
			path = PSNotifierAlert.h;
			refType = 4;
		};
		F59E47B2036AACD1016B311C = {
			fileRef = F59E47B0036AACD1016B311C;
			isa = PBXBuildFile;
			settings = {
			};
		};
		F59E47B3036AACD1016B311C = {
			fileRef = F59E47B1036AACD1016B311C;
			isa = PBXBuildFile;
			settings = {
			};
		};
		F59E47B4036AAD55016B311C = {
			fileEncoding = 30;
			isa = PBXFileReference;
			path = PSAlarmAlertController.m;
			refType = 4;
		};
		F59E47B5036AAD55016B311C = {
			fileEncoding = 30;
			isa = PBXFileReference;
			path = PSAlarmAlertController.h;
			refType = 4;
		};
		F59E47B6036AAD55016B311C = {
			fileRef = F59E47B4036AAD55016B311C;
			isa = PBXBuildFile;
			settings = {
			};
		};
		F59E47B7036AAD55016B311C = {
			fileRef = F59E47B5036AAD55016B311C;
			isa = PBXBuildFile;
			settings = {
			};
		};
		F59E47B8036AB217016B311C = {
			fileEncoding = 30;
			isa = PBXFileReference;
			path = PSDockBounceAlert.m;
			refType = 4;
		};
		F59E47B9036AB217016B311C = {
			fileEncoding = 30;
			isa = PBXFileReference;
			path = PSDockBounceAlert.h;
			refType = 4;
		};
		F59E47BA036AB217016B311C = {
			fileRef = F59E47B8036AB217016B311C;
			isa = PBXBuildFile;
			settings = {
			};
		};
		F59E47BB036AB217016B311C = {
			fileRef = F59E47B9036AB217016B311C;
			isa = PBXBuildFile;
			settings = {
			};
		};
		F59E47BC036AB228016B311C = {
			fileEncoding = 30;
			isa = PBXFileReference;
			path = PSMovieAlert.m;
			refType = 4;
		};
		F59E47BD036AB228016B311C = {
			fileEncoding = 30;
			isa = PBXFileReference;
			path = PSMovieAlert.h;
			refType = 4;
		};
		F59E47BE036AB228016B311C = {
			fileRef = F59E47BC036AB228016B311C;
			isa = PBXBuildFile;
			settings = {
			};
		};
		F59E47BF036AB228016B311C = {
			fileRef = F59E47BD036AB228016B311C;
			isa = PBXBuildFile;
			settings = {
			};
		};
		F59E47C0036B1ADD016B311C = {
			fileEncoding = 30;
			isa = PBXFileReference;
			path = PSMovieAlertController.m;
			refType = 4;
		};
		F59E47C1036B1ADD016B311C = {
			fileEncoding = 30;
			isa = PBXFileReference;
			path = PSMovieAlertController.h;
			refType = 4;
		};
		F59E47C2036B1ADD016B311C = {
			fileRef = F59E47C0036B1ADD016B311C;
			isa = PBXBuildFile;
			settings = {
			};
		};
		F59E47C3036B1ADD016B311C = {
			fileRef = F59E47C1036B1ADD016B311C;
			isa = PBXBuildFile;
			settings = {
			};
		};
		F59E4BDE036B1D94016B311C = {
			children = (
				F59E4BDF036B1D94016B311C,
			);
			isa = PBXVariantGroup;
			name = "Movie alert.nib";
			path = "";
			refType = 4;
		};
		F59E4BDF036B1D94016B311C = {
			isa = PBXFileReference;
			name = English;
			path = "English.lproj/Movie alert.nib";
			refType = 4;
		};
		F59E4BE0036B1D94016B311C = {
			fileRef = F59E4BDE036B1D94016B311C;
			isa = PBXBuildFile;
			settings = {
			};
		};
		F59E4BE6036B2E5E016B311C = {
			fileEncoding = 30;
			isa = PBXFileReference;
			path = PSScriptAlert.m;
			refType = 4;
		};
		F59E4BE7036B2E5E016B311C = {
			fileEncoding = 30;
			isa = PBXFileReference;
			path = PSScriptAlert.h;
			refType = 4;
		};
		F59E4BE8036B2E5E016B311C = {
			fileRef = F59E4BE6036B2E5E016B311C;
			isa = PBXBuildFile;
			settings = {
			};
		};
		F59E4BE9036B2E5E016B311C = {
			fileRef = F59E4BE7036B2E5E016B311C;
			isa = PBXBuildFile;
			settings = {
			};
		};
		F59E4BEA036B33EC016B311C = {
			isa = PBXFrameworkReference;
			name = QuickTime.framework;
			path = /System/Library/Frameworks/QuickTime.framework;
			refType = 0;
		};
		F59E4C0C036B33EC016B311C = {
			fileRef = F59E4BEA036B33EC016B311C;
			isa = PBXBuildFile;
			settings = {
			};
		};
		F59E4C0D036B43D2016B311C = {
			fileEncoding = 30;
			isa = PBXFileReference;
			path = "NSMovie-NJRExtensions.m";
			refType = 4;
		};
		F59E4C0E036B43D2016B311C = {
			fileEncoding = 30;
			isa = PBXFileReference;
			path = "NSMovie-NJRExtensions.h";
			refType = 4;
		};
		F59E4C0F036B43D2016B311C = {
			fileRef = F59E4C0D036B43D2016B311C;
			isa = PBXBuildFile;
			settings = {
			};
		};
		F59E4C10036B43D2016B311C = {
			fileRef = F59E4C0E036B43D2016B311C;
			isa = PBXBuildFile;
			settings = {
			};
		};
		F59F6CB40354E7DA01AEEDB1 = {
			fileEncoding = 30;
			isa = PBXFileReference;
			path = PSAlarm.h;
			refType = 4;
		};
		F59F6CB50354E7DA01AEEDB1 = {
			fileEncoding = 30;
			isa = PBXFileReference;
			path = PSAlarm.m;
			refType = 4;
		};
		F59F6CB60354E7DA01AEEDB1 = {
			fileRef = F59F6CB40354E7DA01AEEDB1;
			isa = PBXBuildFile;
			settings = {
			};
		};
		F59F6CB70354E7DA01AEEDB1 = {
			fileRef = F59F6CB50354E7DA01AEEDB1;
			isa = PBXBuildFile;
			settings = {
			};
		};
		F5B79836035F64F80136A8DD = {
			fileEncoding = 30;
			isa = PBXFileReference;
			path = NJRTableView.m;
			refType = 4;
		};
		F5B79837035F64F80136A8DD = {
			fileEncoding = 30;
			isa = PBXFileReference;
			path = NJRTableView.h;
			refType = 4;
		};
		F5B79838035F64F80136A8DD = {
			fileRef = F5B79836035F64F80136A8DD;
			isa = PBXBuildFile;
			settings = {
			};
		};
		F5B79839035F64F80136A8DD = {
			fileRef = F5B79837035F64F80136A8DD;
			isa = PBXBuildFile;
			settings = {
			};
		};
		F5B79865038865B30136A8DD = {
			fileEncoding = 30;
			isa = PBXFileReference;
			path = "NSCharacterSet-NJRExtensions.m";
			refType = 4;
		};
		F5B79866038865B30136A8DD = {
			fileEncoding = 30;
			isa = PBXFileReference;
			path = "NSCharacterSet-NJRExtensions.h";
			refType = 4;
		};
		F5B79867038865B30136A8DD = {
			fileRef = F5B79865038865B30136A8DD;
			isa = PBXBuildFile;
			settings = {
			};
		};
		F5B79868038865B30136A8DD = {
			fileRef = F5B79866038865B30136A8DD;
			isa = PBXBuildFile;
			settings = {
			};
		};
		F5EE8DB9038A76AC0134BEAC = {
			fileEncoding = 30;
			isa = PBXFileReference;
			path = "NSDictionary-NJRExtensions.m";
			refType = 4;
		};
		F5EE8DBA038A76AC0134BEAC = {
			fileEncoding = 30;
			isa = PBXFileReference;
			path = "NSDictionary-NJRExtensions.h";
			refType = 4;
		};
		F5EE8DBB038A76AC0134BEAC = {
			fileRef = F5EE8DB9038A76AC0134BEAC;
			isa = PBXBuildFile;
			settings = {
			};
		};
		F5EE8DBC038A76AC0134BEAC = {
			fileRef = F5EE8DBA038A76AC0134BEAC;
			isa = PBXBuildFile;
			settings = {
			};
		};
		F5F19865036B806201EB0372 = {
			children = (
				F5F19866036B80AF01EB0372,
				F5F19867036B80AF01EB0372,
			);
			isa = PBXGroup;
			name = SpeechUtilities;
			path = NDAppleScript;
			refType = 4;
		};
		F5F19866036B80AF01EB0372 = {
			fileEncoding = 30;
			isa = PBXFileReference;
			path = SUSpeaker.h;
			refType = 2;
		};
		F5F19867036B80AF01EB0372 = {
			fileEncoding = 30;
			isa = PBXFileReference;
			path = SUSpeaker.m;
			refType = 2;
		};
		F5F19868036B80AF01EB0372 = {
			fileRef = F5F19866036B80AF01EB0372;
			isa = PBXBuildFile;
			settings = {
			};
		};
		F5F19869036B80AF01EB0372 = {
			fileRef = F5F19867036B80AF01EB0372;
			isa = PBXBuildFile;
			settings = {
			};
		};
		F5F1986C036B813101EB0372 = {
			fileEncoding = 30;
			isa = PBXFileReference;
			path = PSSpeechAlert.m;
			refType = 4;
		};
		F5F1986D036B813101EB0372 = {
			fileEncoding = 30;
			isa = PBXFileReference;
			path = PSSpeechAlert.h;
			refType = 4;
		};
		F5F1986F036B813101EB0372 = {
			fileRef = F5F1986D036B813101EB0372;
			isa = PBXBuildFile;
			settings = {
			};
		};
		F5F19870036B822E01EB0372 = {
			fileEncoding = 30;
			isa = PBXFileReference;
			path = NJRVoicePopUpButton.m;
			refType = 4;
		};
		F5F19871036B822E01EB0372 = {
			fileEncoding = 30;
			isa = PBXFileReference;
			path = NJRVoicePopUpButton.h;
			refType = 4;
		};
		F5F19872036B822E01EB0372 = {
			fileRef = F5F19870036B822E01EB0372;
			isa = PBXBuildFile;
			settings = {
			};
		};
		F5F19873036B822E01EB0372 = {
			fileRef = F5F19871036B822E01EB0372;
			isa = PBXBuildFile;
			settings = {
			};
		};
		F5F198D0036BE57401EB0372 = {
			fileEncoding = 30;
			isa = PBXFileReference;
			path = NJRTableDelegate.m;
			refType = 4;
		};
		F5F198D1036BE57401EB0372 = {
			fileEncoding = 30;
			isa = PBXFileReference;
			path = NJRTableDelegate.h;
			refType = 4;
		};
		F5F198D2036BE57401EB0372 = {
			fileRef = F5F198D0036BE57401EB0372;
			isa = PBXBuildFile;
			settings = {
			};
		};
		F5F198D3036BE57401EB0372 = {
			fileRef = F5F198D1036BE57401EB0372;
			isa = PBXBuildFile;
			settings = {
			};
		};
		F5F1990D036D3B3101EB0372 = {
			fileEncoding = 30;
			isa = PBXFileReference;
			path = "NSImage-NJRExtensions.m";
			refType = 4;
		};
		F5F1990E036D3B3101EB0372 = {
			fileEncoding = 30;
			isa = PBXFileReference;
			path = "NSImage-NJRExtensions.h";
			refType = 4;
		};
		F5F1990F036D3B3101EB0372 = {
			fileRef = F5F1990D036D3B3101EB0372;
			isa = PBXBuildFile;
			settings = {
			};
		};
		F5F19910036D3B3101EB0372 = {
			fileRef = F5F1990E036D3B3101EB0372;
			isa = PBXBuildFile;
			settings = {
			};
		};
		F5F240B5036A862101FE7503 = {
			fileEncoding = 30;
			isa = PBXFileReference;
			path = NJRFSObjectSelector.m;
			refType = 4;
		};
		F5F240B6036A862101FE7503 = {
			fileEncoding = 30;
			isa = PBXFileReference;
			path = NJRFSObjectSelector.h;
			refType = 4;
		};
		F5F240B7036A862301FE7503 = {
			fileRef = F5F240B6036A862101FE7503;
			isa = PBXBuildFile;
			settings = {
			};
		};
		F5F240B8036A862301FE7503 = {
			fileRef = F5F240B5036A862101FE7503;
			isa = PBXBuildFile;
			settings = {
			};
		};
		F5F240B9036A867901FE7503 = {
			fileEncoding = 30;
			isa = PBXFileReference;
			path = BDAlias.h;
			refType = 4;
		};
		F5F240BA036A867901FE7503 = {
			fileRef = F5F240B9036A867901FE7503;
			isa = PBXBuildFile;
			settings = {
			};
		};
		F5F240CA036A869401FE7503 = {
			fileEncoding = 30;
			isa = PBXFileReference;
			path = BDAlias.m;
			refType = 4;
		};
		F5F240CB036A869401FE7503 = {
			fileRef = F5F240CA036A869401FE7503;
			isa = PBXBuildFile;
			settings = {
			};
		};
		F5F240CC036A877301FE7503 = {
			fileEncoding = 30;
			isa = PBXFileReference;
			path = NJRQTMediaPopUpButton.m;
			refType = 4;
		};
		F5F240CD036A877301FE7503 = {
			fileEncoding = 30;
			isa = PBXFileReference;
			path = NJRQTMediaPopUpButton.h;
			refType = 4;
		};
		F5F240CE036A877301FE7503 = {
			fileRef = F5F240CC036A877301FE7503;
			isa = PBXBuildFile;
			settings = {
			};
		};
		F5F240D0036A87E301FE7503 = {
			isa = PBXFrameworkReference;
			name = Carbon.framework;
			path = /System/Library/Frameworks/Carbon.framework;
			refType = 0;
		};
		F5F24166036A87E401FE7503 = {
			fileRef = F5F240D0036A87E301FE7503;
			isa = PBXBuildFile;
			settings = {
			};
		};
		F5F24187036A90D901FE7503 = {
			isa = PBXFrameworkReference;
			name = MachineSettings.framework;
			path = /System/Library/PrivateFrameworks/MachineSettings.framework;
			refType = 0;
		};
		F5F24189036A90D901FE7503 = {
			fileRef = F5F24187036A90D901FE7503;
			isa = PBXBuildFile;
			settings = {
			};
		};
		F5F2418A036A910B01FE7503 = {
			fileEncoding = 30;
			isa = PBXFileReference;
			path = SoundFileManager.h;
			refType = 4;
		};
		F5F2418B036A910B01FE7503 = {
			fileRef = F5F2418A036A910B01FE7503;
			isa = PBXBuildFile;
			settings = {
			};
		};
	};
	rootObject = 29B97313FDCFA39411CA2CEA;
}
