// !$*UTF8*$!
{
	archiveVersion = 1;
	classes = {
	};
	objectVersion = 38;
	objects = {
		080E96DDFE201D6D7F000001 = {
			children = (
				F560E2F20357506401A4E466,
				F560E2F10357506401A4E466,
				F560E311035787D501A4E466,
				F560E314035787F901A4E466,
				F560E312035787E001A4E466,
				F560E313035787ED01A4E466,
			);
			isa = PBXGroup;
			name = Classes;
			refType = 4;
		};
		089C165CFE840E0CC02AAC07 = {
			children = (
				089C165DFE840E0CC02AAC07,
			);
			isa = PBXVariantGroup;
			name = InfoPlist.strings;
			refType = 4;
		};
		089C165DFE840E0CC02AAC07 = {
			fileEncoding = 10;
			isa = PBXFileReference;
			name = English;
			path = English.lproj/InfoPlist.strings;
			refType = 4;
		};
//080
//081
//082
//083
//084
//100
//101
//102
//103
//104
		1058C7A0FEA54F0111CA2CBB = {
			children = (
				1058C7A1FEA54F0111CA2CBB,
			);
			isa = PBXGroup;
			name = "Linked Frameworks";
			refType = 4;
		};
		1058C7A1FEA54F0111CA2CBB = {
			isa = PBXFrameworkReference;
			name = Cocoa.framework;
			path = /System/Library/Frameworks/Cocoa.framework;
			refType = 0;
		};
		1058C7A2FEA54F0111CA2CBB = {
			children = (
				29B97325FDCFA39411CA2CEA,
				29B97324FDCFA39411CA2CEA,
			);
			isa = PBXGroup;
			name = "Other Frameworks";
			refType = 4;
		};
		1058C7A3FEA54F0111CA2CBB = {
			fileRef = 1058C7A1FEA54F0111CA2CBB;
			isa = PBXBuildFile;
			settings = {
			};
		};
//100
//101
//102
//103
//104
//170
//171
//172
//173
//174
		17587328FF379C6511CA2CBB = {
			isa = PBXApplicationReference;
			path = Pester.app;
			refType = 3;
		};
//170
//171
//172
//173
//174
//190
//191
//192
//193
//194
		19C28FACFE9D520D11CA2CBB = {
			children = (
				17587328FF379C6511CA2CBB,
			);
			isa = PBXGroup;
			name = Products;
			refType = 4;
		};
//190
//191
//192
//193
//194
//290
//291
//292
//293
//294
		29B97313FDCFA39411CA2CEA = {
			buildStyles = (
				4A9504CCFFE6A4B311CA0CBA,
				4A9504CDFFE6A4B311CA0CBA,
			);
			isa = PBXProject;
			mainGroup = 29B97314FDCFA39411CA2CEA;
			projectDirPath = "";
			targets = (
				29B97326FDCFA39411CA2CEA,
			);
		};
		29B97314FDCFA39411CA2CEA = {
			children = (
				080E96DDFE201D6D7F000001,
				29B97315FDCFA39411CA2CEA,
				29B97317FDCFA39411CA2CEA,
				29B97323FDCFA39411CA2CEA,
				19C28FACFE9D520D11CA2CBB,
			);
			isa = PBXGroup;
			name = Pester;
			path = "";
			refType = 4;
		};
		29B97315FDCFA39411CA2CEA = {
			children = (
				29B97316FDCFA39411CA2CEA,
			);
			isa = PBXGroup;
			name = "Other Sources";
			path = "";
			refType = 4;
		};
		29B97316FDCFA39411CA2CEA = {
			isa = PBXFileReference;
			path = main.m;
			refType = 4;
		};
		29B97317FDCFA39411CA2CEA = {
			children = (
				29B97318FDCFA39411CA2CEA,
				F560E2EE03574F8A01A4E466,
				F59DC6DF0353DF5E01AEEDB1,
				089C165CFE840E0CC02AAC07,
				F59DD44F0358ABF4017318D0,
				F59DC6E30353ED1201AEEDB1,
			);
			isa = PBXGroup;
			name = Resources;
			path = "";
			refType = 4;
		};
		29B97318FDCFA39411CA2CEA = {
			children = (
				29B97319FDCFA39411CA2CEA,
			);
			isa = PBXVariantGroup;
			name = MainMenu.nib;
			path = "";
			refType = 4;
		};
		29B97319FDCFA39411CA2CEA = {
			isa = PBXFileReference;
			name = English;
			path = English.lproj/MainMenu.nib;
			refType = 4;
		};
		29B97323FDCFA39411CA2CEA = {
			children = (
				1058C7A0FEA54F0111CA2CBB,
				1058C7A2FEA54F0111CA2CBB,
			);
			isa = PBXGroup;
			name = Frameworks;
			path = "";
			refType = 4;
		};
		29B97324FDCFA39411CA2CEA = {
			isa = PBXFrameworkReference;
			name = AppKit.framework;
			path = /System/Library/Frameworks/AppKit.framework;
			refType = 0;
		};
		29B97325FDCFA39411CA2CEA = {
			isa = PBXFrameworkReference;
			name = Foundation.framework;
			path = /System/Library/Frameworks/Foundation.framework;
			refType = 0;
		};
		29B97326FDCFA39411CA2CEA = {
			buildPhases = (
				29B97327FDCFA39411CA2CEA,
				29B97328FDCFA39411CA2CEA,
				29B9732BFDCFA39411CA2CEA,
				29B9732DFDCFA39411CA2CEA,
			);
			buildSettings = {
				FRAMEWORK_SEARCH_PATHS = "";
				HEADER_SEARCH_PATHS = "";
				INSTALL_PATH = "$(HOME)/Applications";
				LIBRARY_SEARCH_PATHS = "";
				OTHER_CFLAGS = "";
				PRODUCT_NAME = Pester;
				SECTORDER_FLAGS = "";
				USE_GCC3_PFE_SUPPORT = YES;
				WARNING_CFLAGS = "-Wmost -Wno-four-char-constants -Wno-unknown-pragmas";
				WRAPPER_EXTENSION = app;
			};
			dependencies = (
			);
			isa = PBXApplicationTarget;
			name = Pester;
			productInstallPath = "$(HOME)/Applications";
			productName = Pester;
			productReference = 17587328FF379C6511CA2CBB;
			productSettingsXML = "<?xml version=\"1.0\" encoding=\"UTF-8\"?>
<!DOCTYPE plist SYSTEM \"file://localhost/System/Library/DTDs/PropertyList.dtd\">
<plist version=\"0.9\">
<dict>
	<key>CFBundleDevelopmentRegion</key>
	<string>English</string>
	<key>CFBundleExecutable</key>
	<string>Pester</string>
	<key>CFBundleGetInfoString</key>
	<string>Pester 1.0b1, © 2002 Nicholas Riley</string>
	<key>CFBundleIconFile</key>
	<string>Application icon</string>
	<key>CFBundleIdentifier</key>
	<string>net.sabi.Pester</string>
	<key>CFBundleInfoDictionaryVersion</key>
	<string>6.0</string>
	<key>CFBundleName</key>
	<string>Pester</string>
	<key>CFBundlePackageType</key>
	<string>APPL</string>
	<key>CFBundleShortVersionString</key>
	<string>1.0b1</string>
	<key>CFBundleSignature</key>
	<string>Pstr</string>
	<key>CFBundleVersion</key>
	<string>1.0b1</string>
	<key>NSMainNibFile</key>
	<string>MainMenu</string>
	<key>NSPrincipalClass</key>
	<string>PSApplication</string>
</dict>
</plist>
";
			shouldUseHeadermap = 1;
		};
		29B97327FDCFA39411CA2CEA = {
			buildActionMask = 2147483647;
			files = (
				F59DC6D50353C9E601AEEDB1,
				F59DC6DD0353DE5101AEEDB1,
				F59DC6EB0353F58B01AEEDB1,
				F59DC6FE0354188F01AEEDB1,
				F59F6CB60354E7DA01AEEDB1,
				F517D6410356B80C016D68B9,
				F517D6450356B8CC016D68B9,
				F560E2F40357506501A4E466,
				F560E310035787BC01A4E466,
				F560E3170357895001A4E466,
				F5DFBF010357FE8701661E33,
			);
			isa = PBXHeadersBuildPhase;
		};
		29B97328FDCFA39411CA2CEA = {
			buildActionMask = 2147483647;
			files = (
				F59DC6E10353DF5E01AEEDB1,
				F59DC6E40353ED1201AEEDB1,
				F560E2F003574F8A01A4E466,
				F560E2F6035766F101A4E466,
				F560E2F7035766F201A4E466,
				F59DD4510358ABF7017318D0,
			);
			isa = PBXResourcesBuildPhase;
		};
		29B9732BFDCFA39411CA2CEA = {
			buildActionMask = 2147483647;
			files = (
				29B9732CFDCFA39411CA2CEA,
				F59DC6D60353C9E601AEEDB1,
				F59DC6DE0353DE5101AEEDB1,
				F59DC6EA0353F58B01AEEDB1,
				F59DC6FF0354188F01AEEDB1,
				F59F6CB70354E7DA01AEEDB1,
				F517D6400356B80C016D68B9,
				F517D6440356B8CC016D68B9,
				F560E2F30357506401A4E466,
				F560E30F035787BC01A4E466,
				F560E3180357895001A4E466,
				F5DFBF000357FE8701661E33,
			);
			isa = PBXSourcesBuildPhase;
		};
		29B9732CFDCFA39411CA2CEA = {
			fileRef = 29B97316FDCFA39411CA2CEA;
			isa = PBXBuildFile;
			settings = {
				ATTRIBUTES = (
				);
			};
		};
		29B9732DFDCFA39411CA2CEA = {
			buildActionMask = 2147483647;
			files = (
				1058C7A3FEA54F0111CA2CBB,
			);
			isa = PBXFrameworksBuildPhase;
		};
//290
//291
//292
//293
//294
//4A0
//4A1
//4A2
//4A3
//4A4
		4A9504CCFFE6A4B311CA0CBA = {
			buildRules = (
			);
			buildSettings = {
				COPY_PHASE_STRIP = NO;
				OPTIMIZATION_CFLAGS = "-O0";
			};
			isa = PBXBuildStyle;
			name = Development;
		};
		4A9504CDFFE6A4B311CA0CBA = {
			buildRules = (
			);
			buildSettings = {
				COPY_PHASE_STRIP = YES;
			};
			isa = PBXBuildStyle;
			name = Deployment;
		};
//4A0
//4A1
//4A2
//4A3
//4A4
//F50
//F51
//F52
//F53
//F54
		F517D63E0356B80C016D68B9 = {
			isa = PBXFileReference;
			path = PSAlarmsController.m;
			refType = 4;
		};
		F517D63F0356B80C016D68B9 = {
			isa = PBXFileReference;
			path = PSAlarmsController.h;
			refType = 4;
		};
		F517D6400356B80C016D68B9 = {
			fileRef = F517D63E0356B80C016D68B9;
			isa = PBXBuildFile;
			settings = {
			};
		};
		F517D6410356B80C016D68B9 = {
			fileRef = F517D63F0356B80C016D68B9;
			isa = PBXBuildFile;
			settings = {
			};
		};
		F517D6420356B8CC016D68B9 = {
			isa = PBXFileReference;
			path = PSAlarms.m;
			refType = 4;
		};
		F517D6430356B8CC016D68B9 = {
			isa = PBXFileReference;
			path = PSAlarms.h;
			refType = 4;
		};
		F517D6440356B8CC016D68B9 = {
			fileRef = F517D6420356B8CC016D68B9;
			isa = PBXBuildFile;
			settings = {
			};
		};
		F517D6450356B8CC016D68B9 = {
			fileRef = F517D6430356B8CC016D68B9;
			isa = PBXBuildFile;
			settings = {
			};
		};
		F560E2EE03574F8A01A4E466 = {
			children = (
				F560E2EF03574F8A01A4E466,
			);
			isa = PBXVariantGroup;
			name = Alarms.nib;
			path = "";
			refType = 4;
		};
		F560E2EF03574F8A01A4E466 = {
			isa = PBXFileReference;
			name = English;
			path = English.lproj/Alarms.nib;
			refType = 4;
		};
		F560E2F003574F8A01A4E466 = {
			fileRef = F560E2EE03574F8A01A4E466;
			isa = PBXBuildFile;
			settings = {
			};
		};
		F560E2F10357506401A4E466 = {
			isa = PBXFileReference;
			path = PSApplication.m;
			refType = 4;
		};
		F560E2F20357506401A4E466 = {
			isa = PBXFileReference;
			path = PSApplication.h;
			refType = 4;
		};
		F560E2F30357506401A4E466 = {
			fileRef = F560E2F10357506401A4E466;
			isa = PBXBuildFile;
			settings = {
			};
		};
		F560E2F40357506501A4E466 = {
			fileRef = F560E2F20357506401A4E466;
			isa = PBXBuildFile;
			settings = {
			};
		};
		F560E2F6035766F101A4E466 = {
			fileRef = 29B97318FDCFA39411CA2CEA;
			isa = PBXBuildFile;
			settings = {
			};
		};
		F560E2F7035766F201A4E466 = {
			fileRef = 089C165CFE840E0CC02AAC07;
			isa = PBXBuildFile;
			settings = {
			};
		};
		F560E30D035787BB01A4E466 = {
			isa = PBXFileReference;
			path = "NSTableView-NJRExtensions.m";
			refType = 4;
		};
		F560E30E035787BC01A4E466 = {
			isa = PBXFileReference;
			path = "NSTableView-NJRExtensions.h";
			refType = 4;
		};
		F560E30F035787BC01A4E466 = {
			fileRef = F560E30D035787BB01A4E466;
			isa = PBXBuildFile;
			settings = {
			};
		};
		F560E310035787BC01A4E466 = {
			fileRef = F560E30E035787BC01A4E466;
			isa = PBXBuildFile;
			settings = {
			};
		};
		F560E311035787D501A4E466 = {
			children = (
				F517D63F0356B80C016D68B9,
				F517D63E0356B80C016D68B9,
				F59DC6D30353C9E601AEEDB1,
				F59DC6D40353C9E601AEEDB1,
				F59DC6DB0353DE5101AEEDB1,
				F59DC6DC0353DE5101AEEDB1,
			);
			isa = PBXGroup;
			name = Controllers;
			refType = 4;
		};
		F560E312035787E001A4E466 = {
			children = (
				F59F6CB40354E7DA01AEEDB1,
				F59F6CB50354E7DA01AEEDB1,
				F517D6430356B8CC016D68B9,
				F517D6420356B8CC016D68B9,
			);
			isa = PBXGroup;
			name = Models;
			refType = 4;
		};
		F560E313035787ED01A4E466 = {
			children = (
				F59DC6E90353F58B01AEEDB1,
				F59DC6E80353F58B01AEEDB1,
				F59DC6FC0354188F01AEEDB1,
				F59DC6FD0354188F01AEEDB1,
			);
			isa = PBXGroup;
			name = Utilities;
			refType = 4;
		};
		F560E314035787F901A4E466 = {
			children = (
				F560E30E035787BC01A4E466,
				F560E30D035787BB01A4E466,
				F5DFBEFF0357FE8701661E33,
				F5DFBEFE0357FE8701661E33,
				F560E3150357895001A4E466,
				F560E3160357895001A4E466,
			);
			isa = PBXGroup;
			name = Views;
			path = "";
			refType = 4;
		};
		F560E3150357895001A4E466 = {
			isa = PBXFileReference;
			path = NJRHistoryTrackingComboBox.h;
			refType = 4;
		};
		F560E3160357895001A4E466 = {
			isa = PBXFileReference;
			path = NJRHistoryTrackingComboBox.m;
			refType = 4;
		};
		F560E3170357895001A4E466 = {
			fileRef = F560E3150357895001A4E466;
			isa = PBXBuildFile;
			settings = {
			};
		};
		F560E3180357895001A4E466 = {
			fileRef = F560E3160357895001A4E466;
			isa = PBXBuildFile;
			settings = {
			};
		};
		F59DC6D30353C9E601AEEDB1 = {
			isa = PBXFileReference;
			path = PSAlarmSetController.h;
			refType = 4;
		};
		F59DC6D40353C9E601AEEDB1 = {
			isa = PBXFileReference;
			path = PSAlarmSetController.m;
			refType = 4;
		};
		F59DC6D50353C9E601AEEDB1 = {
			fileRef = F59DC6D30353C9E601AEEDB1;
			isa = PBXBuildFile;
			settings = {
			};
		};
		F59DC6D60353C9E601AEEDB1 = {
			fileRef = F59DC6D40353C9E601AEEDB1;
			isa = PBXBuildFile;
			settings = {
			};
		};
		F59DC6DB0353DE5101AEEDB1 = {
			isa = PBXFileReference;
			path = PSAlarmNotifierController.h;
			refType = 4;
		};
		F59DC6DC0353DE5101AEEDB1 = {
			isa = PBXFileReference;
			path = PSAlarmNotifierController.m;
			refType = 4;
		};
		F59DC6DD0353DE5101AEEDB1 = {
			fileRef = F59DC6DB0353DE5101AEEDB1;
			isa = PBXBuildFile;
			settings = {
			};
		};
		F59DC6DE0353DE5101AEEDB1 = {
			fileRef = F59DC6DC0353DE5101AEEDB1;
			isa = PBXBuildFile;
			settings = {
			};
		};
		F59DC6DF0353DF5E01AEEDB1 = {
			children = (
				F59DC6E00353DF5E01AEEDB1,
			);
			isa = PBXVariantGroup;
			name = Notifier.nib;
			path = "";
			refType = 4;
		};
		F59DC6E00353DF5E01AEEDB1 = {
			isa = PBXFileReference;
			name = English;
			path = English.lproj/Notifier.nib;
			refType = 4;
		};
		F59DC6E10353DF5E01AEEDB1 = {
			fileRef = F59DC6DF0353DF5E01AEEDB1;
			isa = PBXBuildFile;
			settings = {
			};
		};
		F59DC6E30353ED1201AEEDB1 = {
			isa = PBXFileReference;
			path = "Application icon.icns";
			refType = 4;
		};
		F59DC6E40353ED1201AEEDB1 = {
			fileRef = F59DC6E30353ED1201AEEDB1;
			isa = PBXBuildFile;
			settings = {
			};
		};
		F59DC6E80353F58B01AEEDB1 = {
			isa = PBXFileReference;
			path = NJRIntegerFilter.m;
			refType = 4;
		};
		F59DC6E90353F58B01AEEDB1 = {
			isa = PBXFileReference;
			path = NJRIntegerFilter.h;
			refType = 4;
		};
		F59DC6EA0353F58B01AEEDB1 = {
			fileRef = F59DC6E80353F58B01AEEDB1;
			isa = PBXBuildFile;
			settings = {
			};
		};
		F59DC6EB0353F58B01AEEDB1 = {
			fileRef = F59DC6E90353F58B01AEEDB1;
			isa = PBXBuildFile;
			settings = {
			};
		};
		F59DC6FC0354188F01AEEDB1 = {
			isa = PBXFileReference;
			path = NJRDateFormatter.h;
			refType = 4;
		};
		F59DC6FD0354188F01AEEDB1 = {
			isa = PBXFileReference;
			path = NJRDateFormatter.m;
			refType = 4;
		};
		F59DC6FE0354188F01AEEDB1 = {
			fileRef = F59DC6FC0354188F01AEEDB1;
			isa = PBXBuildFile;
			settings = {
			};
		};
		F59DC6FF0354188F01AEEDB1 = {
			fileRef = F59DC6FD0354188F01AEEDB1;
			isa = PBXBuildFile;
			settings = {
			};
		};
		F59DD44F0358ABF4017318D0 = {
			children = (
				F59DD4500358ABF4017318D0,
			);
			isa = PBXVariantGroup;
			name = Credits.html;
			path = "";
			refType = 4;
		};
		F59DD4500358ABF4017318D0 = {
			isa = PBXFileReference;
			name = English;
			path = English.lproj/Credits.html;
			refType = 4;
		};
		F59DD4510358ABF7017318D0 = {
			fileRef = F59DD44F0358ABF4017318D0;
			isa = PBXBuildFile;
			settings = {
			};
		};
		F59F6CB40354E7DA01AEEDB1 = {
			isa = PBXFileReference;
			path = PSAlarm.h;
			refType = 4;
		};
		F59F6CB50354E7DA01AEEDB1 = {
			isa = PBXFileReference;
			path = PSAlarm.m;
			refType = 4;
		};
		F59F6CB60354E7DA01AEEDB1 = {
			fileRef = F59F6CB40354E7DA01AEEDB1;
			isa = PBXBuildFile;
			settings = {
			};
		};
		F59F6CB70354E7DA01AEEDB1 = {
			fileRef = F59F6CB50354E7DA01AEEDB1;
			isa = PBXBuildFile;
			settings = {
			};
		};
		F5DFBEFE0357FE8701661E33 = {
			isa = PBXFileReference;
			name = NJRScrollView.m;
			path = "/Users/nicholas/Documents/Development/Cocoa/FSA-movedaside/Source/NJRScrollView.m";
			refType = 0;
		};
		F5DFBEFF0357FE8701661E33 = {
			isa = PBXFileReference;
			name = NJRScrollView.h;
			path = "/Users/nicholas/Documents/Development/Cocoa/FSA-movedaside/Source/NJRScrollView.h";
			refType = 0;
		};
		F5DFBF000357FE8701661E33 = {
			fileRef = F5DFBEFE0357FE8701661E33;
			isa = PBXBuildFile;
			settings = {
			};
		};
		F5DFBF010357FE8701661E33 = {
			fileRef = F5DFBEFF0357FE8701661E33;
			isa = PBXBuildFile;
			settings = {
			};
		};
	};
	rootObject = 29B97313FDCFA39411CA2CEA;
}
