// !$*UTF8*$!
{
	archiveVersion = 1;
	classes = {
	};
	objectVersion = 42;
	objects = {

/* Begin PBXBuildFile section */
		E15044670CFCDC7E00DE47E9 /* NJRValidatingField.m in Sources */ = {isa = PBXBuildFile; fileRef = E15044660CFCDC7E00DE47E9 /* NJRValidatingField.m */; };
		E17562620CF8C50B00FC5057 /* Sparkle.framework in Frameworks */ = {isa = PBXBuildFile; fileRef = E17562610CF8C50B00FC5057 /* Sparkle.framework */; };
		E17562720CF8C53F00FC5057 /* Sparkle.framework in Copy Sparkle.framework */ = {isa = PBXBuildFile; fileRef = E17562610CF8C50B00FC5057 /* Sparkle.framework */; };
		E17CA9AB0CF7F8CB00018B34 /* Manip.pm in Copy Perl Modules */ = {isa = PBXBuildFile; fileRef = E17CA9A90CF7F8C200018B34 /* Manip.pm */; };
		E1985796104F68EC0082AC3E /* ParseDate.m in Sources */ = {isa = PBXBuildFile; fileRef = E19CC53E0CFDE48C0079DCFC /* ParseDate.m */; };
		E1985798104F68EC0082AC3E /* Foundation.framework in Frameworks */ = {isa = PBXBuildFile; fileRef = 29B97325FDCFA39411CA2CEA /* Foundation.framework */; };
		E19857B6104F697D0082AC3E /* libParseDate-10.6.dylib in Resources */ = {isa = PBXBuildFile; fileRef = E198579D104F68EC0082AC3E /* libParseDate-10.6.dylib */; };
		E19CC5310CFDE3DE0079DCFC /* DynaLoader-10.4.a in Frameworks */ = {isa = PBXBuildFile; fileRef = E19CC5270CFDE3C70079DCFC /* DynaLoader-10.4.a */; };
		E19CC53F0CFDE48C0079DCFC /* ParseDate.m in Sources */ = {isa = PBXBuildFile; fileRef = E19CC53E0CFDE48C0079DCFC /* ParseDate.m */; };
		E19CC57D0CFDEB440079DCFC /* ParseDate.m in Sources */ = {isa = PBXBuildFile; fileRef = E19CC53E0CFDE48C0079DCFC /* ParseDate.m */; };
		E19CC5840CFDEB520079DCFC /* DynaLoader-10.5.a in Frameworks */ = {isa = PBXBuildFile; fileRef = E19CC5260CFDE3C70079DCFC /* DynaLoader-10.5.a */; };
		E19CC5A20CFDEC170079DCFC /* Foundation.framework in Frameworks */ = {isa = PBXBuildFile; fileRef = 29B97325FDCFA39411CA2CEA /* Foundation.framework */; };
		E19CC5A30CFDEC1C0079DCFC /* Foundation.framework in Frameworks */ = {isa = PBXBuildFile; fileRef = 29B97325FDCFA39411CA2CEA /* Foundation.framework */; };
		E19CC5F50CFDEFDB0079DCFC /* libParseDate-10.4.dylib in Resources */ = {isa = PBXBuildFile; fileRef = E19CC5220CFDE3350079DCFC /* libParseDate-10.4.dylib */; };
		E19CC5F60CFDEFDB0079DCFC /* libParseDate-10.5.dylib in Resources */ = {isa = PBXBuildFile; fileRef = E19CC5830CFDEB440079DCFC /* libParseDate-10.5.dylib */; };
		E1B11F270CF5F30F004975AA /* Notifier.nib in Resources */ = {isa = PBXBuildFile; fileRef = F59DC6DF0353DF5E01AEEDB1 /* Notifier.nib */; };
		E1B11F280CF5F30F004975AA /* Application icon.icns in Resources */ = {isa = PBXBuildFile; fileRef = F59DC6E30353ED1201AEEDB1 /* Application icon.icns */; };
		E1B11F290CF5F30F004975AA /* Alarms.nib in Resources */ = {isa = PBXBuildFile; fileRef = F560E2EE03574F8A01A4E466 /* Alarms.nib */; };
		E1B11F2A0CF5F30F004975AA /* MainMenu.nib in Resources */ = {isa = PBXBuildFile; fileRef = 29B97318FDCFA39411CA2CEA /* MainMenu.nib */; };
		E1B11F2B0CF5F30F004975AA /* InfoPlist.strings in Resources */ = {isa = PBXBuildFile; fileRef = 089C165CFE840E0CC02AAC07 /* InfoPlist.strings */; };
		E1B11F2C0CF5F30F004975AA /* Credits.html in Resources */ = {isa = PBXBuildFile; fileRef = F59DD44F0358ABF4017318D0 /* Credits.html */; };
		E1B11F2D0CF5F30F004975AA /* Read Me.rtfd in Resources */ = {isa = PBXBuildFile; fileRef = F589C9C6035AA12B0155F4B2 /* Read Me.rtfd */; };
		E1B11F2E0CF5F30F004975AA /* Movie alert.nib in Resources */ = {isa = PBXBuildFile; fileRef = F59E4BDE036B1D94016B311C /* Movie alert.nib */; };
		E1B11F2F0CF5F30F004975AA /* Popup triangle.tiff in Resources */ = {isa = PBXBuildFile; fileRef = F5243DA40378681101AEEDB1 /* Popup triangle.tiff */; };
		E1B11F300CF5F30F004975AA /* Calendar.nib in Resources */ = {isa = PBXBuildFile; fileRef = E17F2F4D03FDFB3100050002 /* Calendar.nib */; };
		E1B11F310CF5F30F004975AA /* Calendar.tiff in Resources */ = {isa = PBXBuildFile; fileRef = E17F2F6B03FDFE2C00050002 /* Calendar.tiff */; };
		E1B11F320CF5F30F004975AA /* OARightArrowPressed.tiff in Resources */ = {isa = PBXBuildFile; fileRef = E1DEF0EA03FE1BF100050002 /* OARightArrowPressed.tiff */; };
		E1B11F330CF5F30F004975AA /* OALeftArrow.tiff in Resources */ = {isa = PBXBuildFile; fileRef = E1DEF0EB03FE1BF100050002 /* OALeftArrow.tiff */; };
		E1B11F340CF5F30F004975AA /* OARightArrow.tiff in Resources */ = {isa = PBXBuildFile; fileRef = E1DEF0EC03FE1BF100050002 /* OARightArrow.tiff */; };
		E1B11F350CF5F30F004975AA /* OALeftArrowPressed.tiff in Resources */ = {isa = PBXBuildFile; fileRef = E1DEF0ED03FE1BF100050002 /* OALeftArrowPressed.tiff */; };
		E1B11F360CF5F30F004975AA /* Snooze until.nib in Resources */ = {isa = PBXBuildFile; fileRef = E1DEF10603FF83AC00050002 /* Snooze until.nib */; };
		E1B11F370CF5F30F004975AA /* Read Me.nib in Resources */ = {isa = PBXBuildFile; fileRef = E10F2A3B0402E61C00050002 /* Read Me.nib */; };
		E1B11F380CF5F30F004975AA /* Localizable.strings in Resources */ = {isa = PBXBuildFile; fileRef = E10E71F3040C335800050002 /* Localizable.strings */; };
		E1B11F390CF5F30F004975AA /* Preferences.nib in Resources */ = {isa = PBXBuildFile; fileRef = E11CB6E0043025F500050002 /* Preferences.nib */; };
		E1B11F3A0CF5F30F004975AA /* Volume 2.png in Resources */ = {isa = PBXBuildFile; fileRef = E127900104429F9300050002 /* Volume 2.png */; };
		E1B11F3B0CF5F30F004975AA /* Volume 0.png in Resources */ = {isa = PBXBuildFile; fileRef = E127900204429F9300050002 /* Volume 0.png */; };
		E1B11F3C0CF5F30F004975AA /* Volume 3.png in Resources */ = {isa = PBXBuildFile; fileRef = E127900304429F9300050002 /* Volume 3.png */; };
		E1B11F3D0CF5F30F004975AA /* Volume 1.png in Resources */ = {isa = PBXBuildFile; fileRef = E127900404429F9300050002 /* Volume 1.png */; };
		E1B11F3E0CF5F30F004975AA /* Volume.nib in Resources */ = {isa = PBXBuildFile; fileRef = E12790090442A5B100050002 /* Volume.nib */; };
		E1B11F400CF5F30F004975AA /* BDAlias.m in Sources */ = {isa = PBXBuildFile; fileRef = F5F240CA036A869401FE7503 /* BDAlias.m */; };
		E1B11F410CF5F30F004975AA /* NJRDateFormatter.m in Sources */ = {isa = PBXBuildFile; fileRef = F59DC6FD0354188F01AEEDB1 /* NJRDateFormatter.m */; settings = {COMPILER_FLAGS = "-Wno-unused-function"; }; };
		E1B11F420CF5F30F004975AA /* NJRFSObjectSelector.m in Sources */ = {isa = PBXBuildFile; fileRef = F5F240B5036A862101FE7503 /* NJRFSObjectSelector.m */; };
		E1B11F430CF5F30F004975AA /* NJRHistoryTrackingComboBox.m in Sources */ = {isa = PBXBuildFile; fileRef = F560E3160357895001A4E466 /* NJRHistoryTrackingComboBox.m */; };
		E1B11F440CF5F30F004975AA /* NJRIntegerFilter.m in Sources */ = {isa = PBXBuildFile; fileRef = F59DC6E80353F58B01AEEDB1 /* NJRIntegerFilter.m */; };
		E1B11F450CF5F30F004975AA /* NJRQTMediaPopUpButton.m in Sources */ = {isa = PBXBuildFile; fileRef = F5F240CC036A877301FE7503 /* NJRQTMediaPopUpButton.m */; };
		E1B11F460CF5F30F004975AA /* NJRScrollView.m in Sources */ = {isa = PBXBuildFile; fileRef = F552A8AC0358E8B201AEEDB1 /* NJRScrollView.m */; };
		E1B11F470CF5F30F004975AA /* NJRTableDelegate.m in Sources */ = {isa = PBXBuildFile; fileRef = F5F198D0036BE57401EB0372 /* NJRTableDelegate.m */; };
		E1B11F480CF5F30F004975AA /* NJRTableView.m in Sources */ = {isa = PBXBuildFile; fileRef = F5B79836035F64F80136A8DD /* NJRTableView.m */; };
		E1B11F490CF5F30F004975AA /* NJRUnfocusableMovieView.m in Sources */ = {isa = PBXBuildFile; fileRef = E1F0B14B03AD8CEF00AEFBE0 /* NJRUnfocusableMovieView.m */; };
		E1B11F4A0CF5F30F004975AA /* NJRVoicePopUpButton.m in Sources */ = {isa = PBXBuildFile; fileRef = F5F19870036B822E01EB0372 /* NJRVoicePopUpButton.m */; };
		E1B11F4B0CF5F30F004975AA /* NSAttributedString-NJRExtensions.m in Sources */ = {isa = PBXBuildFile; fileRef = E1F0B26903AEDE8600AEFBE0 /* NSAttributedString-NJRExtensions.m */; };
		E1B11F4C0CF5F30F004975AA /* NSCalendarDate-NJRExtensions.m in Sources */ = {isa = PBXBuildFile; fileRef = E162698A03B6190B00000028 /* NSCalendarDate-NJRExtensions.m */; };
		E1B11F4D0CF5F30F004975AA /* NSCharacterSet-NJRExtensions.m in Sources */ = {isa = PBXBuildFile; fileRef = F5B79865038865B30136A8DD /* NSCharacterSet-NJRExtensions.m */; };
		E1B11F4E0CF5F30F004975AA /* NSDictionary-NJRExtensions.m in Sources */ = {isa = PBXBuildFile; fileRef = F5EE8DB9038A76AC0134BEAC /* NSDictionary-NJRExtensions.m */; };
		E1B11F500CF5F30F004975AA /* QTMovie-NJRExtensions.m in Sources */ = {isa = PBXBuildFile; fileRef = F59E4C0D036B43D2016B311C /* QTMovie-NJRExtensions.m */; };
		E1B11F510CF5F30F004975AA /* NSString-NJRExtensions.m in Sources */ = {isa = PBXBuildFile; fileRef = E1F0B14F03ADBE3800AEFBE0 /* NSString-NJRExtensions.m */; };
		E1B11F520CF5F30F004975AA /* NSTableView-NJRExtensions.m in Sources */ = {isa = PBXBuildFile; fileRef = E162698303B6189000000028 /* NSTableView-NJRExtensions.m */; };
		E1B11F530CF5F30F004975AA /* PSAlarm.m in Sources */ = {isa = PBXBuildFile; fileRef = F59F6CB50354E7DA01AEEDB1 /* PSAlarm.m */; };
		E1B11F540CF5F30F004975AA /* PSAlarmAlertController.m in Sources */ = {isa = PBXBuildFile; fileRef = F59E47B4036AAD55016B311C /* PSAlarmAlertController.m */; };
		E1B11F550CF5F30F004975AA /* PSAlarmNotifierController.m in Sources */ = {isa = PBXBuildFile; fileRef = F59DC6DC0353DE5101AEEDB1 /* PSAlarmNotifierController.m */; };
		E1B11F560CF5F30F004975AA /* PSAlarmSetController.m in Sources */ = {isa = PBXBuildFile; fileRef = F59DC6D40353C9E601AEEDB1 /* PSAlarmSetController.m */; };
		E1B11F570CF5F30F004975AA /* PSAlarms.m in Sources */ = {isa = PBXBuildFile; fileRef = F517D6420356B8CC016D68B9 /* PSAlarms.m */; };
		E1B11F580CF5F30F004975AA /* PSAlarmsController.m in Sources */ = {isa = PBXBuildFile; fileRef = F517D63E0356B80C016D68B9 /* PSAlarmsController.m */; };
		E1B11F590CF5F30F004975AA /* PSAlert.m in Sources */ = {isa = PBXBuildFile; fileRef = F59E47A7036AAA6D016B311C /* PSAlert.m */; };
		E1B11F5A0CF5F30F004975AA /* PSAlerts.m in Sources */ = {isa = PBXBuildFile; fileRef = E1A18CAC03B4344C00000028 /* PSAlerts.m */; };
		E1B11F5B0CF5F30F004975AA /* PSApplication.m in Sources */ = {isa = PBXBuildFile; fileRef = F560E2F10357506401A4E466 /* PSApplication.m */; };
		E1B11F5C0CF5F30F004975AA /* PSBeepAlert.m in Sources */ = {isa = PBXBuildFile; fileRef = F59E47AB036AAC1E016B311C /* PSBeepAlert.m */; };
		E1B11F5D0CF5F30F004975AA /* PSDockBounceAlert.m in Sources */ = {isa = PBXBuildFile; fileRef = F59E47B8036AB217016B311C /* PSDockBounceAlert.m */; };
		E1B11F5E0CF5F30F004975AA /* PSMovieAlert.m in Sources */ = {isa = PBXBuildFile; fileRef = F59E47BC036AB228016B311C /* PSMovieAlert.m */; };
		E1B11F5F0CF5F30F004975AA /* PSMovieAlertController.m in Sources */ = {isa = PBXBuildFile; fileRef = F59E47C0036B1ADD016B311C /* PSMovieAlertController.m */; };
		E1B11F600CF5F30F004975AA /* PSNotifierAlert.m in Sources */ = {isa = PBXBuildFile; fileRef = F59E47B0036AACD1016B311C /* PSNotifierAlert.m */; };
		E1B11F610CF5F30F004975AA /* PSPowerManager.m in Sources */ = {isa = PBXBuildFile; fileRef = E130B9AD03B7C59700000028 /* PSPowerManager.m */; };
		E1B11F620CF5F30F004975AA /* PSScriptAlert.m in Sources */ = {isa = PBXBuildFile; fileRef = F59E4BE6036B2E5E016B311C /* PSScriptAlert.m */; };
		E1B11F630CF5F30F004975AA /* PSSpeechAlert.m in Sources */ = {isa = PBXBuildFile; fileRef = F5F1986C036B813101EB0372 /* PSSpeechAlert.m */; };
		E1B11F640CF5F30F004975AA /* main.m in Sources */ = {isa = PBXBuildFile; fileRef = 29B97316FDCFA39411CA2CEA /* main.m */; settings = {ATTRIBUTES = (); }; };
		E1B11F650CF5F30F004975AA /* NJRIntervalField.m in Sources */ = {isa = PBXBuildFile; fileRef = E13919E303B9E4E100000028 /* NJRIntervalField.m */; };
		E1B11F660CF5F30F004975AA /* PSError.m in Sources */ = {isa = PBXBuildFile; fileRef = E1ECA00703C002B300F54C66 /* PSError.m */; };
		E1B11F690CF5F30F004975AA /* PSTimer.m in Sources */ = {isa = PBXBuildFile; fileRef = E1BF6E9103C928D200050002 /* PSTimer.m */; };
		E1B11F6A0CF5F30F004975AA /* PSWakeAlert.m in Sources */ = {isa = PBXBuildFile; fileRef = E19FD39F03C98645001509F3 /* PSWakeAlert.m */; };
		E1B11F6B0CF5F30F004975AA /* PSCalendarController.m in Sources */ = {isa = PBXBuildFile; fileRef = E17F2F3303FDF2F000050002 /* PSCalendarController.m */; };
		E1B11F6C0CF5F30F004975AA /* OACalendarView.m in Sources */ = {isa = PBXBuildFile; fileRef = E17F2F4103FDF67700050002 /* OACalendarView.m */; };
		E1B11F6D0CF5F30F004975AA /* NSImage-OAExtensions.m in Sources */ = {isa = PBXBuildFile; fileRef = E17F2F4303FDF67700050002 /* NSImage-OAExtensions.m */; };
		E1B11F6E0CF5F30F004975AA /* NSCalendarDate-OFExtensions.m in Sources */ = {isa = PBXBuildFile; fileRef = E17F2F4503FDF67800050002 /* NSCalendarDate-OFExtensions.m */; };
		E1B11F6F0CF5F30F004975AA /* NJROffCenterPanel.m in Sources */ = {isa = PBXBuildFile; fileRef = E1DEF0FA03FE9F2C00050002 /* NJROffCenterPanel.m */; };
		E1B11F700CF5F30F004975AA /* PSSnoozeUntilController.m in Sources */ = {isa = PBXBuildFile; fileRef = E1DEF10303FF816300050002 /* PSSnoozeUntilController.m */; };
		E1B11F710CF5F30F004975AA /* PSTimeDateEditor.m in Sources */ = {isa = PBXBuildFile; fileRef = E1DEF117040014EB00050002 /* PSTimeDateEditor.m */; };
		E1B11F720CF5F30F004975AA /* NJRReadMeController.m in Sources */ = {isa = PBXBuildFile; fileRef = E10F2A3F0402E71400050002 /* NJRReadMeController.m */; };
		E1B11F730CF5F30F004975AA /* NJRSplitView.m in Sources */ = {isa = PBXBuildFile; fileRef = E1B46FE904057E3400050002 /* NJRSplitView.m */; };
		E1B11F740CF5F30F004975AA /* NJRHotKeyField.m in Sources */ = {isa = PBXBuildFile; fileRef = E1F993C20436280200050002 /* NJRHotKeyField.m */; };
		E1B11F750CF5F30F004975AA /* PSPreferencesController.m in Sources */ = {isa = PBXBuildFile; fileRef = E1F993C70436310F00050002 /* PSPreferencesController.m */; };
		E1B11F760CF5F30F004975AA /* NSFont-NJRExtensions.m in Sources */ = {isa = PBXBuildFile; fileRef = E169592A0437A4A400050002 /* NSFont-NJRExtensions.m */; };
		E1B11F770CF5F30F004975AA /* NJRHotKeyFieldCell.m in Sources */ = {isa = PBXBuildFile; fileRef = E14DEC830438969400050002 /* NJRHotKeyFieldCell.m */; };
		E1B11F780CF5F30F004975AA /* NJRHotKey.m in Sources */ = {isa = PBXBuildFile; fileRef = E11373150439FCC700050002 /* NJRHotKey.m */; };
		E1B11F790CF5F30F004975AA /* NJRHotKeyManager.m in Sources */ = {isa = PBXBuildFile; fileRef = E145383F043A1DB200050002 /* NJRHotKeyManager.m */; };
		E1B11F7A0CF5F30F004975AA /* PSVolumeController.m in Sources */ = {isa = PBXBuildFile; fileRef = E127900D0442A92900050002 /* PSVolumeController.m */; };
		E1B11F7B0CF5F30F004975AA /* PSMediaAlert.m in Sources */ = {isa = PBXBuildFile; fileRef = E18DA4090442C56D00050002 /* PSMediaAlert.m */; };
		E1B11F7C0CF5F30F004975AA /* NJRSoundManager.m in Sources */ = {isa = PBXBuildFile; fileRef = E18DAAEB0442CC3E00050002 /* NJRSoundManager.m */; };
		E1B11F7D0CF5F30F004975AA /* NJRNonCenteringWindow.m in Sources */ = {isa = PBXBuildFile; fileRef = E1CDEC3E0444053F00AEEDB1 /* NJRNonCenteringWindow.m */; };
		E1B11F7F0CF5F30F004975AA /* Cocoa.framework in Frameworks */ = {isa = PBXBuildFile; fileRef = 1058C7A1FEA54F0111CA2CBB /* Cocoa.framework */; };
		E1B11F800CF5F30F004975AA /* Carbon.framework in Frameworks */ = {isa = PBXBuildFile; fileRef = F5F240D0036A87E301FE7503 /* Carbon.framework */; };
		E1B11F830CF5F30F004975AA /* IOKit.framework in Frameworks */ = {isa = PBXBuildFile; fileRef = E14DB31203B8038300000028 /* IOKit.framework */; };
		E1B11F840CF5F30F004975AA /* CoreAudio.framework in Frameworks */ = {isa = PBXBuildFile; fileRef = E18DAAEE0442D02500050002 /* CoreAudio.framework */; };
		E1B121970CF62FD1004975AA /* NSMenuItem-NJRExtensions.m in Sources */ = {isa = PBXBuildFile; fileRef = E1B121960CF62FD1004975AA /* NSMenuItem-NJRExtensions.m */; };
		E1B121B40CF639A1004975AA /* QTKit.framework in Frameworks */ = {isa = PBXBuildFile; fileRef = E1B121B30CF639A1004975AA /* QTKit.framework */; };
/* End PBXBuildFile section */

/* Begin PBXContainerItemProxy section */
		E19857A0104F69150082AC3E /* PBXContainerItemProxy */ = {
			isa = PBXContainerItemProxy;
			containerPortal = 29B97313FDCFA39411CA2CEA /* Project object */;
			proxyType = 1;
			remoteGlobalIDString = E1985794104F68EC0082AC3E;
			remoteInfo = "ParseDate-10.6";
		};
		E19CC5790CFDEB3C0079DCFC /* PBXContainerItemProxy */ = {
			isa = PBXContainerItemProxy;
			containerPortal = 29B97313FDCFA39411CA2CEA /* Project object */;
			proxyType = 1;
			remoteGlobalIDString = E19CC5210CFDE3350079DCFC;
			remoteInfo = "ParseDate-10.4";
		};
		E19CC5870CFDEB5E0079DCFC /* PBXContainerItemProxy */ = {
			isa = PBXContainerItemProxy;
			containerPortal = 29B97313FDCFA39411CA2CEA /* Project object */;
			proxyType = 1;
			remoteGlobalIDString = E19CC57B0CFDEB440079DCFC;
			remoteInfo = "ParseDate-10.5";
		};
/* End PBXContainerItemProxy section */

/* Begin PBXCopyFilesBuildPhase section */
		E17562730CF8C55D00FC5057 /* Copy Sparkle.framework */ = {
			isa = PBXCopyFilesBuildPhase;
			buildActionMask = 2147483647;
			dstPath = "";
			dstSubfolderSpec = 10;
			files = (
				E17562720CF8C53F00FC5057 /* Sparkle.framework in Copy Sparkle.framework */,
			);
			name = "Copy Sparkle.framework";
			runOnlyForDeploymentPostprocessing = 0;
		};
		E17CA9A80CF7F89900018B34 /* Copy Perl Modules */ = {
			isa = PBXCopyFilesBuildPhase;
			buildActionMask = 2147483647;
			dstPath = Date;
			dstSubfolderSpec = 7;
			files = (
				E17CA9AB0CF7F8CB00018B34 /* Manip.pm in Copy Perl Modules */,
			);
			name = "Copy Perl Modules";
			runOnlyForDeploymentPostprocessing = 0;
		};
/* End PBXCopyFilesBuildPhase section */

/* Begin PBXFileReference section */
		089C165DFE840E0CC02AAC07 /* English */ = {isa = PBXFileReference; fileEncoding = 10; lastKnownFileType = text.plist.strings; name = English; path = English.lproj/InfoPlist.strings; sourceTree = "<group>"; };
		1058C7A1FEA54F0111CA2CBB /* Cocoa.framework */ = {isa = PBXFileReference; lastKnownFileType = wrapper.framework; name = Cocoa.framework; path = /System/Library/Frameworks/Cocoa.framework; sourceTree = "<absolute>"; };
		29B97316FDCFA39411CA2CEA /* main.m */ = {isa = PBXFileReference; fileEncoding = 30; lastKnownFileType = sourcecode.c.objc; path = main.m; sourceTree = "<group>"; };
		29B97319FDCFA39411CA2CEA /* English */ = {isa = PBXFileReference; lastKnownFileType = wrapper.nib; name = English; path = English.lproj/MainMenu.nib; sourceTree = "<group>"; };
		29B97324FDCFA39411CA2CEA /* AppKit.framework */ = {isa = PBXFileReference; lastKnownFileType = wrapper.framework; name = AppKit.framework; path = /System/Library/Frameworks/AppKit.framework; sourceTree = "<absolute>"; };
		29B97325FDCFA39411CA2CEA /* Foundation.framework */ = {isa = PBXFileReference; lastKnownFileType = wrapper.framework; name = Foundation.framework; path = /System/Library/Frameworks/Foundation.framework; sourceTree = "<absolute>"; };
		E10E71F4040C335800050002 /* English */ = {isa = PBXFileReference; fileEncoding = 10; lastKnownFileType = text.plist.strings; name = English; path = English.lproj/Localizable.strings; sourceTree = "<group>"; };
		E10F2A3C0402E61C00050002 /* English */ = {isa = PBXFileReference; lastKnownFileType = wrapper.nib; name = English; path = "English.lproj/Read Me.nib"; sourceTree = "<group>"; };
		E10F2A3E0402E71400050002 /* NJRReadMeController.h */ = {isa = PBXFileReference; fileEncoding = 4; lastKnownFileType = sourcecode.c.h; path = NJRReadMeController.h; sourceTree = "<group>"; };
		E10F2A3F0402E71400050002 /* NJRReadMeController.m */ = {isa = PBXFileReference; fileEncoding = 4; lastKnownFileType = sourcecode.c.objc; path = NJRReadMeController.m; sourceTree = "<group>"; };
		E11373140439FCC700050002 /* NJRHotKey.h */ = {isa = PBXFileReference; fileEncoding = 4; lastKnownFileType = sourcecode.c.h; path = NJRHotKey.h; sourceTree = "<group>"; };
		E11373150439FCC700050002 /* NJRHotKey.m */ = {isa = PBXFileReference; fileEncoding = 4; lastKnownFileType = sourcecode.c.objc; path = NJRHotKey.m; sourceTree = "<group>"; };
		E11CB6E1043025F500050002 /* English */ = {isa = PBXFileReference; lastKnownFileType = wrapper.nib; name = English; path = English.lproj/Preferences.nib; sourceTree = "<group>"; };
		E11DC3FF0D0A9A6D00CE8CCD /* NSWindowCollectionBehavior.h */ = {isa = PBXFileReference; fileEncoding = 4; lastKnownFileType = sourcecode.c.h; path = NSWindowCollectionBehavior.h; sourceTree = "<group>"; };
		E127900104429F9300050002 /* Volume 2.png */ = {isa = PBXFileReference; lastKnownFileType = image.png; path = "Volume 2.png"; sourceTree = "<group>"; };
		E127900204429F9300050002 /* Volume 0.png */ = {isa = PBXFileReference; lastKnownFileType = image.png; path = "Volume 0.png"; sourceTree = "<group>"; };
		E127900304429F9300050002 /* Volume 3.png */ = {isa = PBXFileReference; lastKnownFileType = image.png; path = "Volume 3.png"; sourceTree = "<group>"; };
		E127900404429F9300050002 /* Volume 1.png */ = {isa = PBXFileReference; lastKnownFileType = image.png; path = "Volume 1.png"; sourceTree = "<group>"; };
		E127900A0442A5B100050002 /* Volume.nib */ = {isa = PBXFileReference; lastKnownFileType = wrapper.nib; name = Volume.nib; path = English.lproj/Volume.nib; sourceTree = "<group>"; };
		E127900C0442A92900050002 /* PSVolumeController.h */ = {isa = PBXFileReference; fileEncoding = 4; lastKnownFileType = sourcecode.c.h; path = PSVolumeController.h; sourceTree = "<group>"; };
		E127900D0442A92900050002 /* PSVolumeController.m */ = {isa = PBXFileReference; fileEncoding = 4; lastKnownFileType = sourcecode.c.objc; path = PSVolumeController.m; sourceTree = "<group>"; };
		E130B9AC03B7C59700000028 /* PSPowerManager.h */ = {isa = PBXFileReference; fileEncoding = 4; lastKnownFileType = sourcecode.c.h; path = PSPowerManager.h; sourceTree = "<group>"; };
		E130B9AD03B7C59700000028 /* PSPowerManager.m */ = {isa = PBXFileReference; fileEncoding = 4; lastKnownFileType = sourcecode.c.objc; path = PSPowerManager.m; sourceTree = "<group>"; };
		E13919E203B9E4E100000028 /* NJRIntervalField.h */ = {isa = PBXFileReference; fileEncoding = 4; lastKnownFileType = sourcecode.c.h; path = NJRIntervalField.h; sourceTree = "<group>"; };
		E13919E303B9E4E100000028 /* NJRIntervalField.m */ = {isa = PBXFileReference; fileEncoding = 30; lastKnownFileType = sourcecode.c.objc; path = NJRIntervalField.m; sourceTree = "<group>"; };
		E145383E043A1DB200050002 /* NJRHotKeyManager.h */ = {isa = PBXFileReference; fileEncoding = 4; lastKnownFileType = sourcecode.c.h; path = NJRHotKeyManager.h; sourceTree = "<group>"; };
		E145383F043A1DB200050002 /* NJRHotKeyManager.m */ = {isa = PBXFileReference; fileEncoding = 4; lastKnownFileType = sourcecode.c.objc; path = NJRHotKeyManager.m; sourceTree = "<group>"; };
		E14DB31203B8038300000028 /* IOKit.framework */ = {isa = PBXFileReference; lastKnownFileType = wrapper.framework; name = IOKit.framework; path = /System/Library/Frameworks/IOKit.framework; sourceTree = "<absolute>"; };
		E14DEC820438969400050002 /* NJRHotKeyFieldCell.h */ = {isa = PBXFileReference; fileEncoding = 4; lastKnownFileType = sourcecode.c.h; path = NJRHotKeyFieldCell.h; sourceTree = "<group>"; };
		E14DEC830438969400050002 /* NJRHotKeyFieldCell.m */ = {isa = PBXFileReference; fileEncoding = 4; lastKnownFileType = sourcecode.c.objc; path = NJRHotKeyFieldCell.m; sourceTree = "<group>"; };
		E15044650CFCDC7E00DE47E9 /* NJRValidatingField.h */ = {isa = PBXFileReference; fileEncoding = 4; lastKnownFileType = sourcecode.c.h; path = NJRValidatingField.h; sourceTree = "<group>"; };
		E15044660CFCDC7E00DE47E9 /* NJRValidatingField.m */ = {isa = PBXFileReference; fileEncoding = 30; lastKnownFileType = sourcecode.c.objc; path = NJRValidatingField.m; sourceTree = "<group>"; };
		E162698303B6189000000028 /* NSTableView-NJRExtensions.m */ = {isa = PBXFileReference; fileEncoding = 30; lastKnownFileType = sourcecode.c.objc; path = "NSTableView-NJRExtensions.m"; sourceTree = "<group>"; };
		E162698403B6189000000028 /* NSTableView-NJRExtensions.h */ = {isa = PBXFileReference; fileEncoding = 30; lastKnownFileType = sourcecode.c.h; path = "NSTableView-NJRExtensions.h"; sourceTree = "<group>"; };
		E162698903B6190B00000028 /* NSCalendarDate-NJRExtensions.h */ = {isa = PBXFileReference; fileEncoding = 4; lastKnownFileType = sourcecode.c.h; path = "NSCalendarDate-NJRExtensions.h"; sourceTree = "<group>"; };
		E162698A03B6190B00000028 /* NSCalendarDate-NJRExtensions.m */ = {isa = PBXFileReference; fileEncoding = 4; lastKnownFileType = sourcecode.c.objc; path = "NSCalendarDate-NJRExtensions.m"; sourceTree = "<group>"; };
		E16959290437A4A400050002 /* NSFont-NJRExtensions.h */ = {isa = PBXFileReference; fileEncoding = 4; lastKnownFileType = sourcecode.c.h; path = "NSFont-NJRExtensions.h"; sourceTree = "<group>"; };
		E169592A0437A4A400050002 /* NSFont-NJRExtensions.m */ = {isa = PBXFileReference; fileEncoding = 4; lastKnownFileType = sourcecode.c.objc; path = "NSFont-NJRExtensions.m"; sourceTree = "<group>"; };
		E17562610CF8C50B00FC5057 /* Sparkle.framework */ = {isa = PBXFileReference; lastKnownFileType = wrapper.framework; name = Sparkle.framework; path = Sparkle/build/Release/Sparkle.framework; sourceTree = "<group>"; };
		E17562BD0CF8E7D000FC5057 /* updates.xml */ = {isa = PBXFileReference; fileEncoding = 4; lastKnownFileType = text.xml; name = updates.xml; path = ../Updates/updates.xml; sourceTree = SOURCE_ROOT; };
		E17562BE0CF8E7D000FC5057 /* release-notes.html */ = {isa = PBXFileReference; fileEncoding = 4; lastKnownFileType = text.html; name = "release-notes.html"; path = "../Updates/release-notes.html"; sourceTree = SOURCE_ROOT; };
		E17562BF0CF8E7D000FC5057 /* release-notes.css */ = {isa = PBXFileReference; fileEncoding = 4; lastKnownFileType = text.css; name = "release-notes.css"; path = "../Updates/release-notes.css"; sourceTree = SOURCE_ROOT; };
		E17562C00CF8E7D000FC5057 /* Application icon.png */ = {isa = PBXFileReference; lastKnownFileType = image.png; name = "Application icon.png"; path = "../Updates/Application icon.png"; sourceTree = SOURCE_ROOT; };
		E17CA9A90CF7F8C200018B34 /* Manip.pm */ = {isa = PBXFileReference; fileEncoding = 4; lastKnownFileType = text.script.perl; path = Manip.pm; sourceTree = SOURCE_ROOT; };
		E17F2F3203FDF2F000050002 /* PSCalendarController.h */ = {isa = PBXFileReference; fileEncoding = 4; lastKnownFileType = sourcecode.c.h; path = PSCalendarController.h; sourceTree = "<group>"; };
		E17F2F3303FDF2F000050002 /* PSCalendarController.m */ = {isa = PBXFileReference; fileEncoding = 4; lastKnownFileType = sourcecode.c.objc; path = PSCalendarController.m; sourceTree = "<group>"; };
		E17F2F4003FDF67700050002 /* NSCalendarDate-OFExtensions.h */ = {isa = PBXFileReference; fileEncoding = 30; lastKnownFileType = sourcecode.c.h; path = "NSCalendarDate-OFExtensions.h"; sourceTree = "<group>"; };
		E17F2F4103FDF67700050002 /* OACalendarView.m */ = {isa = PBXFileReference; fileEncoding = 30; lastKnownFileType = sourcecode.c.objc; path = OACalendarView.m; sourceTree = "<group>"; };
		E17F2F4203FDF67700050002 /* OACalendarView.h */ = {isa = PBXFileReference; fileEncoding = 30; lastKnownFileType = sourcecode.c.h; path = OACalendarView.h; sourceTree = "<group>"; };
		E17F2F4303FDF67700050002 /* NSImage-OAExtensions.m */ = {isa = PBXFileReference; fileEncoding = 30; lastKnownFileType = sourcecode.c.objc; path = "NSImage-OAExtensions.m"; sourceTree = "<group>"; };
		E17F2F4403FDF67800050002 /* NSImage-OAExtensions.h */ = {isa = PBXFileReference; fileEncoding = 30; lastKnownFileType = sourcecode.c.h; path = "NSImage-OAExtensions.h"; sourceTree = "<group>"; };
		E17F2F4503FDF67800050002 /* NSCalendarDate-OFExtensions.m */ = {isa = PBXFileReference; fileEncoding = 30; lastKnownFileType = sourcecode.c.objc; path = "NSCalendarDate-OFExtensions.m"; sourceTree = "<group>"; };
		E17F2F4E03FDFB3100050002 /* English */ = {isa = PBXFileReference; lastKnownFileType = wrapper.nib; name = English; path = English.lproj/Calendar.nib; sourceTree = "<group>"; };
		E17F2F6B03FDFE2C00050002 /* Calendar.tiff */ = {isa = PBXFileReference; lastKnownFileType = image.tiff; path = Calendar.tiff; sourceTree = "<group>"; };
		E18DA4080442C56D00050002 /* PSMediaAlert.h */ = {isa = PBXFileReference; fileEncoding = 4; lastKnownFileType = sourcecode.c.h; path = PSMediaAlert.h; sourceTree = "<group>"; };
		E18DA4090442C56D00050002 /* PSMediaAlert.m */ = {isa = PBXFileReference; fileEncoding = 4; lastKnownFileType = sourcecode.c.objc; path = PSMediaAlert.m; sourceTree = "<group>"; };
		E18DAAEA0442CC3E00050002 /* NJRSoundManager.h */ = {isa = PBXFileReference; fileEncoding = 4; lastKnownFileType = sourcecode.c.h; path = NJRSoundManager.h; sourceTree = "<group>"; };
		E18DAAEB0442CC3E00050002 /* NJRSoundManager.m */ = {isa = PBXFileReference; fileEncoding = 4; lastKnownFileType = sourcecode.c.objc; path = NJRSoundManager.m; sourceTree = "<group>"; };
		E18DAAEE0442D02500050002 /* CoreAudio.framework */ = {isa = PBXFileReference; lastKnownFileType = wrapper.framework; name = CoreAudio.framework; path = /System/Library/Frameworks/CoreAudio.framework; sourceTree = "<absolute>"; };
		E198579D104F68EC0082AC3E /* libParseDate-10.6.dylib */ = {isa = PBXFileReference; explicitFileType = "compiled.mach-o.dylib"; includeInIndex = 0; path = "libParseDate-10.6.dylib"; sourceTree = BUILT_PRODUCTS_DIR; };
		E19CC5220CFDE3350079DCFC /* libParseDate-10.4.dylib */ = {isa = PBXFileReference; explicitFileType = "compiled.mach-o.dylib"; includeInIndex = 0; path = "libParseDate-10.4.dylib"; sourceTree = BUILT_PRODUCTS_DIR; };
		E19CC5260CFDE3C70079DCFC /* DynaLoader-10.5.a */ = {isa = PBXFileReference; lastKnownFileType = archive.ar; path = "DynaLoader-10.5.a"; sourceTree = "<group>"; };
		E19CC5270CFDE3C70079DCFC /* DynaLoader-10.4.a */ = {isa = PBXFileReference; lastKnownFileType = archive.ar; path = "DynaLoader-10.4.a"; sourceTree = "<group>"; };
		E19CC53D0CFDE48C0079DCFC /* ParseDate.h */ = {isa = PBXFileReference; fileEncoding = 4; lastKnownFileType = sourcecode.c.h; path = ParseDate.h; sourceTree = "<group>"; };
		E19CC53E0CFDE48C0079DCFC /* ParseDate.m */ = {isa = PBXFileReference; fileEncoding = 4; lastKnownFileType = sourcecode.c.objc; path = ParseDate.m; sourceTree = "<group>"; };
		E19CC5830CFDEB440079DCFC /* libParseDate-10.5.dylib */ = {isa = PBXFileReference; explicitFileType = "compiled.mach-o.dylib"; includeInIndex = 0; path = "libParseDate-10.5.dylib"; sourceTree = BUILT_PRODUCTS_DIR; };
		E19DCBD203BE4AA200B934BF /* Pester_Prefix.h */ = {isa = PBXFileReference; fileEncoding = 30; lastKnownFileType = sourcecode.c.h; path = Pester_Prefix.h; sourceTree = "<group>"; };
		E19FD39E03C98645001509F3 /* PSWakeAlert.h */ = {isa = PBXFileReference; fileEncoding = 4; lastKnownFileType = sourcecode.c.h; path = PSWakeAlert.h; sourceTree = "<group>"; };
		E19FD39F03C98645001509F3 /* PSWakeAlert.m */ = {isa = PBXFileReference; fileEncoding = 4; lastKnownFileType = sourcecode.c.objc; path = PSWakeAlert.m; sourceTree = "<group>"; };
		E1A18CAB03B4344C00000028 /* PSAlerts.h */ = {isa = PBXFileReference; fileEncoding = 4; lastKnownFileType = sourcecode.c.h; path = PSAlerts.h; sourceTree = "<group>"; };
		E1A18CAC03B4344C00000028 /* PSAlerts.m */ = {isa = PBXFileReference; fileEncoding = 30; lastKnownFileType = sourcecode.c.objc; path = PSAlerts.m; sourceTree = "<group>"; };
		E1A18CB203B439CF00000028 /* PSPropertyListSerialization.h */ = {isa = PBXFileReference; fileEncoding = 4; lastKnownFileType = sourcecode.c.h; path = PSPropertyListSerialization.h; sourceTree = SOURCE_ROOT; };
		E1B11F8B0CF5F30F004975AA /* Info-Pester.plist */ = {isa = PBXFileReference; lastKnownFileType = text.plist.xml; path = "Info-Pester.plist"; sourceTree = "<group>"; };
		E1B11F8C0CF5F30F004975AA /* Pester.app */ = {isa = PBXFileReference; explicitFileType = wrapper.application; includeInIndex = 0; path = Pester.app; sourceTree = BUILT_PRODUCTS_DIR; };
		E1B121950CF62FD1004975AA /* NSMenuItem-NJRExtensions.h */ = {isa = PBXFileReference; fileEncoding = 4; lastKnownFileType = sourcecode.c.h; path = "NSMenuItem-NJRExtensions.h"; sourceTree = "<group>"; };
		E1B121960CF62FD1004975AA /* NSMenuItem-NJRExtensions.m */ = {isa = PBXFileReference; fileEncoding = 4; lastKnownFileType = sourcecode.c.objc; path = "NSMenuItem-NJRExtensions.m"; sourceTree = "<group>"; };
		E1B121B30CF639A1004975AA /* QTKit.framework */ = {isa = PBXFileReference; lastKnownFileType = wrapper.framework; name = QTKit.framework; path = /System/Library/Frameworks/QTKit.framework; sourceTree = "<absolute>"; };
		E1B46FE804057E3400050002 /* NJRSplitView.h */ = {isa = PBXFileReference; fileEncoding = 4; lastKnownFileType = sourcecode.c.h; path = NJRSplitView.h; sourceTree = "<group>"; };
		E1B46FE904057E3400050002 /* NJRSplitView.m */ = {isa = PBXFileReference; fileEncoding = 4; lastKnownFileType = sourcecode.c.objc; path = NJRSplitView.m; sourceTree = "<group>"; };
		E1BF6E9003C928D200050002 /* PSTimer.h */ = {isa = PBXFileReference; fileEncoding = 4; lastKnownFileType = sourcecode.c.h; path = PSTimer.h; sourceTree = "<group>"; };
		E1BF6E9103C928D200050002 /* PSTimer.m */ = {isa = PBXFileReference; fileEncoding = 4; lastKnownFileType = sourcecode.c.objc; path = PSTimer.m; sourceTree = "<group>"; };
		E1CDEC3D0444053F00AEEDB1 /* NJRNonCenteringWindow.h */ = {isa = PBXFileReference; fileEncoding = 4; lastKnownFileType = sourcecode.c.h; path = NJRNonCenteringWindow.h; sourceTree = "<group>"; };
		E1CDEC3E0444053F00AEEDB1 /* NJRNonCenteringWindow.m */ = {isa = PBXFileReference; fileEncoding = 4; lastKnownFileType = sourcecode.c.objc; path = NJRNonCenteringWindow.m; sourceTree = "<group>"; };
		E1DEF0EA03FE1BF100050002 /* OARightArrowPressed.tiff */ = {isa = PBXFileReference; lastKnownFileType = image.tiff; path = OARightArrowPressed.tiff; sourceTree = "<group>"; };
		E1DEF0EB03FE1BF100050002 /* OALeftArrow.tiff */ = {isa = PBXFileReference; lastKnownFileType = image.tiff; path = OALeftArrow.tiff; sourceTree = "<group>"; };
		E1DEF0EC03FE1BF100050002 /* OARightArrow.tiff */ = {isa = PBXFileReference; lastKnownFileType = image.tiff; path = OARightArrow.tiff; sourceTree = "<group>"; };
		E1DEF0ED03FE1BF100050002 /* OALeftArrowPressed.tiff */ = {isa = PBXFileReference; lastKnownFileType = image.tiff; path = OALeftArrowPressed.tiff; sourceTree = "<group>"; };
		E1DEF0F903FE9F2C00050002 /* NJROffCenterPanel.h */ = {isa = PBXFileReference; fileEncoding = 4; lastKnownFileType = sourcecode.c.h; path = NJROffCenterPanel.h; sourceTree = "<group>"; };
		E1DEF0FA03FE9F2C00050002 /* NJROffCenterPanel.m */ = {isa = PBXFileReference; fileEncoding = 4; lastKnownFileType = sourcecode.c.objc; path = NJROffCenterPanel.m; sourceTree = "<group>"; };
		E1DEF10203FF816300050002 /* PSSnoozeUntilController.h */ = {isa = PBXFileReference; fileEncoding = 4; lastKnownFileType = sourcecode.c.h; path = PSSnoozeUntilController.h; sourceTree = "<group>"; };
		E1DEF10303FF816300050002 /* PSSnoozeUntilController.m */ = {isa = PBXFileReference; fileEncoding = 30; lastKnownFileType = sourcecode.c.objc; path = PSSnoozeUntilController.m; sourceTree = "<group>"; };
		E1DEF10703FF83AC00050002 /* English */ = {isa = PBXFileReference; lastKnownFileType = wrapper.nib; name = English; path = "English.lproj/Snooze until.nib"; sourceTree = "<group>"; };
		E1DEF116040014EB00050002 /* PSTimeDateEditor.h */ = {isa = PBXFileReference; fileEncoding = 4; lastKnownFileType = sourcecode.c.h; path = PSTimeDateEditor.h; sourceTree = "<group>"; };
		E1DEF117040014EB00050002 /* PSTimeDateEditor.m */ = {isa = PBXFileReference; fileEncoding = 4; lastKnownFileType = sourcecode.c.objc; path = PSTimeDateEditor.m; sourceTree = "<group>"; };
		E1ECA00603C002B300F54C66 /* PSError.h */ = {isa = PBXFileReference; fileEncoding = 4; lastKnownFileType = sourcecode.c.h; path = PSError.h; sourceTree = SOURCE_ROOT; };
		E1ECA00703C002B300F54C66 /* PSError.m */ = {isa = PBXFileReference; fileEncoding = 4; lastKnownFileType = sourcecode.c.objc; path = PSError.m; sourceTree = SOURCE_ROOT; };
		E1F0B14A03AD8CEF00AEFBE0 /* NJRUnfocusableMovieView.h */ = {isa = PBXFileReference; fileEncoding = 4; lastKnownFileType = sourcecode.c.h; path = NJRUnfocusableMovieView.h; sourceTree = "<group>"; };
		E1F0B14B03AD8CEF00AEFBE0 /* NJRUnfocusableMovieView.m */ = {isa = PBXFileReference; fileEncoding = 4; lastKnownFileType = sourcecode.c.objc; path = NJRUnfocusableMovieView.m; sourceTree = "<group>"; };
		E1F0B14E03ADBE3800AEFBE0 /* NSString-NJRExtensions.h */ = {isa = PBXFileReference; fileEncoding = 4; lastKnownFileType = sourcecode.c.h; path = "NSString-NJRExtensions.h"; sourceTree = "<group>"; };
		E1F0B14F03ADBE3800AEFBE0 /* NSString-NJRExtensions.m */ = {isa = PBXFileReference; fileEncoding = 4; lastKnownFileType = sourcecode.c.objc; path = "NSString-NJRExtensions.m"; sourceTree = "<group>"; };
		E1F0B26803AEDE8600AEFBE0 /* NSAttributedString-NJRExtensions.h */ = {isa = PBXFileReference; fileEncoding = 4; lastKnownFileType = sourcecode.c.h; path = "NSAttributedString-NJRExtensions.h"; sourceTree = "<group>"; };
		E1F0B26903AEDE8600AEFBE0 /* NSAttributedString-NJRExtensions.m */ = {isa = PBXFileReference; fileEncoding = 4; lastKnownFileType = sourcecode.c.objc; path = "NSAttributedString-NJRExtensions.m"; sourceTree = "<group>"; };
		E1F993C10436280200050002 /* NJRHotKeyField.h */ = {isa = PBXFileReference; fileEncoding = 4; lastKnownFileType = sourcecode.c.h; path = NJRHotKeyField.h; sourceTree = "<group>"; };
		E1F993C20436280200050002 /* NJRHotKeyField.m */ = {isa = PBXFileReference; fileEncoding = 4; lastKnownFileType = sourcecode.c.objc; path = NJRHotKeyField.m; sourceTree = "<group>"; };
		E1F993C60436310F00050002 /* PSPreferencesController.h */ = {isa = PBXFileReference; fileEncoding = 4; lastKnownFileType = sourcecode.c.h; path = PSPreferencesController.h; sourceTree = "<group>"; };
		E1F993C70436310F00050002 /* PSPreferencesController.m */ = {isa = PBXFileReference; fileEncoding = 4; lastKnownFileType = sourcecode.c.objc; path = PSPreferencesController.m; sourceTree = "<group>"; };
		F517D63E0356B80C016D68B9 /* PSAlarmsController.m */ = {isa = PBXFileReference; fileEncoding = 4; lastKnownFileType = sourcecode.c.objc; path = PSAlarmsController.m; sourceTree = "<group>"; };
		F517D63F0356B80C016D68B9 /* PSAlarmsController.h */ = {isa = PBXFileReference; fileEncoding = 30; lastKnownFileType = sourcecode.c.h; path = PSAlarmsController.h; sourceTree = "<group>"; };
		F517D6420356B8CC016D68B9 /* PSAlarms.m */ = {isa = PBXFileReference; fileEncoding = 30; lastKnownFileType = sourcecode.c.objc; path = PSAlarms.m; sourceTree = "<group>"; };
		F517D6430356B8CC016D68B9 /* PSAlarms.h */ = {isa = PBXFileReference; fileEncoding = 30; lastKnownFileType = sourcecode.c.h; path = PSAlarms.h; sourceTree = "<group>"; };
		F5243DA40378681101AEEDB1 /* Popup triangle.tiff */ = {isa = PBXFileReference; lastKnownFileType = image.tiff; path = "Popup triangle.tiff"; sourceTree = "<group>"; };
		F552A8AB0358E8B201AEEDB1 /* NJRScrollView.h */ = {isa = PBXFileReference; fileEncoding = 30; lastKnownFileType = sourcecode.c.h; path = NJRScrollView.h; sourceTree = "<group>"; };
		F552A8AC0358E8B201AEEDB1 /* NJRScrollView.m */ = {isa = PBXFileReference; fileEncoding = 30; lastKnownFileType = sourcecode.c.objc; path = NJRScrollView.m; sourceTree = "<group>"; };
		F560E2EF03574F8A01A4E466 /* English */ = {isa = PBXFileReference; lastKnownFileType = wrapper.nib; name = English; path = English.lproj/Alarms.nib; sourceTree = "<group>"; };
		F560E2F10357506401A4E466 /* PSApplication.m */ = {isa = PBXFileReference; fileEncoding = 30; lastKnownFileType = sourcecode.c.objc; path = PSApplication.m; sourceTree = "<group>"; };
		F560E2F20357506401A4E466 /* PSApplication.h */ = {isa = PBXFileReference; fileEncoding = 30; lastKnownFileType = sourcecode.c.h; path = PSApplication.h; sourceTree = "<group>"; };
		F560E3150357895001A4E466 /* NJRHistoryTrackingComboBox.h */ = {isa = PBXFileReference; fileEncoding = 30; lastKnownFileType = sourcecode.c.h; path = NJRHistoryTrackingComboBox.h; sourceTree = "<group>"; };
		F560E3160357895001A4E466 /* NJRHistoryTrackingComboBox.m */ = {isa = PBXFileReference; fileEncoding = 30; lastKnownFileType = sourcecode.c.objc; path = NJRHistoryTrackingComboBox.m; sourceTree = "<group>"; };
		F589C9C6035AA12B0155F4B2 /* Read Me.rtfd */ = {isa = PBXFileReference; lastKnownFileType = wrapper.rtfd; path = "Read Me.rtfd"; sourceTree = "<group>"; };
		F59DC6D30353C9E601AEEDB1 /* PSAlarmSetController.h */ = {isa = PBXFileReference; fileEncoding = 30; lastKnownFileType = sourcecode.c.h; path = PSAlarmSetController.h; sourceTree = "<group>"; };
		F59DC6D40353C9E601AEEDB1 /* PSAlarmSetController.m */ = {isa = PBXFileReference; fileEncoding = 30; lastKnownFileType = sourcecode.c.objc; path = PSAlarmSetController.m; sourceTree = "<group>"; };
		F59DC6DB0353DE5101AEEDB1 /* PSAlarmNotifierController.h */ = {isa = PBXFileReference; fileEncoding = 30; lastKnownFileType = sourcecode.c.h; path = PSAlarmNotifierController.h; sourceTree = "<group>"; };
		F59DC6DC0353DE5101AEEDB1 /* PSAlarmNotifierController.m */ = {isa = PBXFileReference; fileEncoding = 30; lastKnownFileType = sourcecode.c.objc; path = PSAlarmNotifierController.m; sourceTree = "<group>"; };
		F59DC6E00353DF5E01AEEDB1 /* English */ = {isa = PBXFileReference; lastKnownFileType = wrapper.nib; name = English; path = English.lproj/Notifier.nib; sourceTree = "<group>"; };
		F59DC6E30353ED1201AEEDB1 /* Application icon.icns */ = {isa = PBXFileReference; lastKnownFileType = image.icns; path = "Application icon.icns"; sourceTree = "<group>"; };
		F59DC6E80353F58B01AEEDB1 /* NJRIntegerFilter.m */ = {isa = PBXFileReference; fileEncoding = 30; lastKnownFileType = sourcecode.c.objc; path = NJRIntegerFilter.m; sourceTree = "<group>"; };
		F59DC6E90353F58B01AEEDB1 /* NJRIntegerFilter.h */ = {isa = PBXFileReference; fileEncoding = 30; lastKnownFileType = sourcecode.c.h; path = NJRIntegerFilter.h; sourceTree = "<group>"; };
		F59DC6FC0354188F01AEEDB1 /* NJRDateFormatter.h */ = {isa = PBXFileReference; fileEncoding = 30; lastKnownFileType = sourcecode.c.h; path = NJRDateFormatter.h; sourceTree = "<group>"; };
		F59DC6FD0354188F01AEEDB1 /* NJRDateFormatter.m */ = {isa = PBXFileReference; fileEncoding = 30; lastKnownFileType = sourcecode.c.objc; path = NJRDateFormatter.m; sourceTree = "<group>"; };
		F59DD4500358ABF4017318D0 /* English */ = {isa = PBXFileReference; fileEncoding = 30; lastKnownFileType = text.html; name = English; path = English.lproj/Credits.html; sourceTree = "<group>"; };
		F59E47A7036AAA6D016B311C /* PSAlert.m */ = {isa = PBXFileReference; fileEncoding = 30; lastKnownFileType = sourcecode.c.objc; path = PSAlert.m; sourceTree = "<group>"; };
		F59E47A8036AAA6D016B311C /* PSAlert.h */ = {isa = PBXFileReference; fileEncoding = 30; lastKnownFileType = sourcecode.c.h; path = PSAlert.h; sourceTree = "<group>"; };
		F59E47AB036AAC1E016B311C /* PSBeepAlert.m */ = {isa = PBXFileReference; fileEncoding = 30; lastKnownFileType = sourcecode.c.objc; path = PSBeepAlert.m; sourceTree = "<group>"; };
		F59E47AC036AAC1E016B311C /* PSBeepAlert.h */ = {isa = PBXFileReference; fileEncoding = 30; lastKnownFileType = sourcecode.c.h; path = PSBeepAlert.h; sourceTree = "<group>"; };
		F59E47B0036AACD1016B311C /* PSNotifierAlert.m */ = {isa = PBXFileReference; fileEncoding = 30; lastKnownFileType = sourcecode.c.objc; path = PSNotifierAlert.m; sourceTree = "<group>"; };
		F59E47B1036AACD1016B311C /* PSNotifierAlert.h */ = {isa = PBXFileReference; fileEncoding = 30; lastKnownFileType = sourcecode.c.h; path = PSNotifierAlert.h; sourceTree = "<group>"; };
		F59E47B4036AAD55016B311C /* PSAlarmAlertController.m */ = {isa = PBXFileReference; fileEncoding = 30; lastKnownFileType = sourcecode.c.objc; path = PSAlarmAlertController.m; sourceTree = "<group>"; };
		F59E47B5036AAD55016B311C /* PSAlarmAlertController.h */ = {isa = PBXFileReference; fileEncoding = 30; lastKnownFileType = sourcecode.c.h; path = PSAlarmAlertController.h; sourceTree = "<group>"; };
		F59E47B8036AB217016B311C /* PSDockBounceAlert.m */ = {isa = PBXFileReference; fileEncoding = 30; lastKnownFileType = sourcecode.c.objc; path = PSDockBounceAlert.m; sourceTree = "<group>"; };
		F59E47B9036AB217016B311C /* PSDockBounceAlert.h */ = {isa = PBXFileReference; fileEncoding = 30; lastKnownFileType = sourcecode.c.h; path = PSDockBounceAlert.h; sourceTree = "<group>"; };
		F59E47BC036AB228016B311C /* PSMovieAlert.m */ = {isa = PBXFileReference; fileEncoding = 30; lastKnownFileType = sourcecode.c.objc; path = PSMovieAlert.m; sourceTree = "<group>"; };
		F59E47BD036AB228016B311C /* PSMovieAlert.h */ = {isa = PBXFileReference; fileEncoding = 30; lastKnownFileType = sourcecode.c.h; path = PSMovieAlert.h; sourceTree = "<group>"; };
		F59E47C0036B1ADD016B311C /* PSMovieAlertController.m */ = {isa = PBXFileReference; fileEncoding = 30; lastKnownFileType = sourcecode.c.objc; path = PSMovieAlertController.m; sourceTree = "<group>"; };
		F59E47C1036B1ADD016B311C /* PSMovieAlertController.h */ = {isa = PBXFileReference; fileEncoding = 30; lastKnownFileType = sourcecode.c.h; path = PSMovieAlertController.h; sourceTree = "<group>"; };
		F59E4BDF036B1D94016B311C /* English */ = {isa = PBXFileReference; lastKnownFileType = wrapper.nib; name = English; path = "English.lproj/Movie alert.nib"; sourceTree = "<group>"; };
		F59E4BE6036B2E5E016B311C /* PSScriptAlert.m */ = {isa = PBXFileReference; fileEncoding = 4; lastKnownFileType = sourcecode.c.objc; path = PSScriptAlert.m; sourceTree = "<group>"; };
		F59E4BE7036B2E5E016B311C /* PSScriptAlert.h */ = {isa = PBXFileReference; fileEncoding = 30; lastKnownFileType = sourcecode.c.h; path = PSScriptAlert.h; sourceTree = "<group>"; };
		F59E4C0D036B43D2016B311C /* QTMovie-NJRExtensions.m */ = {isa = PBXFileReference; fileEncoding = 30; lastKnownFileType = sourcecode.c.objc; path = "QTMovie-NJRExtensions.m"; sourceTree = "<group>"; };
		F59E4C0E036B43D2016B311C /* QTMovie-NJRExtensions.h */ = {isa = PBXFileReference; fileEncoding = 30; lastKnownFileType = sourcecode.c.h; path = "QTMovie-NJRExtensions.h"; sourceTree = "<group>"; };
		F59F6CB40354E7DA01AEEDB1 /* PSAlarm.h */ = {isa = PBXFileReference; fileEncoding = 30; lastKnownFileType = sourcecode.c.h; path = PSAlarm.h; sourceTree = "<group>"; };
		F59F6CB50354E7DA01AEEDB1 /* PSAlarm.m */ = {isa = PBXFileReference; fileEncoding = 4; lastKnownFileType = sourcecode.c.objc; path = PSAlarm.m; sourceTree = "<group>"; };
		F5B79836035F64F80136A8DD /* NJRTableView.m */ = {isa = PBXFileReference; fileEncoding = 30; lastKnownFileType = sourcecode.c.objc; path = NJRTableView.m; sourceTree = "<group>"; };
		F5B79837035F64F80136A8DD /* NJRTableView.h */ = {isa = PBXFileReference; fileEncoding = 30; lastKnownFileType = sourcecode.c.h; path = NJRTableView.h; sourceTree = "<group>"; };
		F5B79865038865B30136A8DD /* NSCharacterSet-NJRExtensions.m */ = {isa = PBXFileReference; fileEncoding = 30; lastKnownFileType = sourcecode.c.objc; path = "NSCharacterSet-NJRExtensions.m"; sourceTree = "<group>"; };
		F5B79866038865B30136A8DD /* NSCharacterSet-NJRExtensions.h */ = {isa = PBXFileReference; fileEncoding = 30; lastKnownFileType = sourcecode.c.h; path = "NSCharacterSet-NJRExtensions.h"; sourceTree = "<group>"; };
		F5EE8DB9038A76AC0134BEAC /* NSDictionary-NJRExtensions.m */ = {isa = PBXFileReference; fileEncoding = 30; lastKnownFileType = sourcecode.c.objc; path = "NSDictionary-NJRExtensions.m"; sourceTree = "<group>"; };
		F5EE8DBA038A76AC0134BEAC /* NSDictionary-NJRExtensions.h */ = {isa = PBXFileReference; fileEncoding = 30; lastKnownFileType = sourcecode.c.h; path = "NSDictionary-NJRExtensions.h"; sourceTree = "<group>"; };
		F5F1986C036B813101EB0372 /* PSSpeechAlert.m */ = {isa = PBXFileReference; fileEncoding = 30; lastKnownFileType = sourcecode.c.objc; path = PSSpeechAlert.m; sourceTree = "<group>"; };
		F5F1986D036B813101EB0372 /* PSSpeechAlert.h */ = {isa = PBXFileReference; fileEncoding = 30; lastKnownFileType = sourcecode.c.h; path = PSSpeechAlert.h; sourceTree = "<group>"; };
		F5F19870036B822E01EB0372 /* NJRVoicePopUpButton.m */ = {isa = PBXFileReference; fileEncoding = 4; lastKnownFileType = sourcecode.c.objc; path = NJRVoicePopUpButton.m; sourceTree = "<group>"; };
		F5F19871036B822E01EB0372 /* NJRVoicePopUpButton.h */ = {isa = PBXFileReference; fileEncoding = 30; lastKnownFileType = sourcecode.c.h; path = NJRVoicePopUpButton.h; sourceTree = "<group>"; };
		F5F198D0036BE57401EB0372 /* NJRTableDelegate.m */ = {isa = PBXFileReference; fileEncoding = 30; lastKnownFileType = sourcecode.c.objc; path = NJRTableDelegate.m; sourceTree = "<group>"; };
		F5F198D1036BE57401EB0372 /* NJRTableDelegate.h */ = {isa = PBXFileReference; fileEncoding = 30; lastKnownFileType = sourcecode.c.h; path = NJRTableDelegate.h; sourceTree = "<group>"; };
		F5F240B5036A862101FE7503 /* NJRFSObjectSelector.m */ = {isa = PBXFileReference; fileEncoding = 30; lastKnownFileType = sourcecode.c.objc; path = NJRFSObjectSelector.m; sourceTree = "<group>"; };
		F5F240B6036A862101FE7503 /* NJRFSObjectSelector.h */ = {isa = PBXFileReference; fileEncoding = 30; lastKnownFileType = sourcecode.c.h; path = NJRFSObjectSelector.h; sourceTree = "<group>"; };
		F5F240B9036A867901FE7503 /* BDAlias.h */ = {isa = PBXFileReference; fileEncoding = 30; lastKnownFileType = sourcecode.c.h; path = BDAlias.h; sourceTree = "<group>"; };
		F5F240CA036A869401FE7503 /* BDAlias.m */ = {isa = PBXFileReference; fileEncoding = 30; lastKnownFileType = sourcecode.c.objc; path = BDAlias.m; sourceTree = "<group>"; };
		F5F240CC036A877301FE7503 /* NJRQTMediaPopUpButton.m */ = {isa = PBXFileReference; fileEncoding = 30; lastKnownFileType = sourcecode.c.objc; path = NJRQTMediaPopUpButton.m; sourceTree = "<group>"; };
		F5F240CD036A877301FE7503 /* NJRQTMediaPopUpButton.h */ = {isa = PBXFileReference; fileEncoding = 30; lastKnownFileType = sourcecode.c.h; path = NJRQTMediaPopUpButton.h; sourceTree = "<group>"; };
		F5F240D0036A87E301FE7503 /* Carbon.framework */ = {isa = PBXFileReference; lastKnownFileType = wrapper.framework; name = Carbon.framework; path = /System/Library/Frameworks/Carbon.framework; sourceTree = "<absolute>"; };
/* End PBXFileReference section */

/* Begin PBXFrameworksBuildPhase section */
		E1985797104F68EC0082AC3E /* Frameworks */ = {
			isa = PBXFrameworksBuildPhase;
			buildActionMask = 2147483647;
			files = (
				E1985798104F68EC0082AC3E /* Foundation.framework in Frameworks */,
			);
			runOnlyForDeploymentPostprocessing = 0;
		};
		E19CC5200CFDE3350079DCFC /* Frameworks */ = {
			isa = PBXFrameworksBuildPhase;
			buildActionMask = 2147483647;
			files = (
				E19CC5A20CFDEC170079DCFC /* Foundation.framework in Frameworks */,
				E19CC5310CFDE3DE0079DCFC /* DynaLoader-10.4.a in Frameworks */,
			);
			runOnlyForDeploymentPostprocessing = 0;
		};
		E19CC57E0CFDEB440079DCFC /* Frameworks */ = {
			isa = PBXFrameworksBuildPhase;
			buildActionMask = 2147483647;
			files = (
				E19CC5A30CFDEC1C0079DCFC /* Foundation.framework in Frameworks */,
				E19CC5840CFDEB520079DCFC /* DynaLoader-10.5.a in Frameworks */,
			);
			runOnlyForDeploymentPostprocessing = 0;
		};
		E1B11F7E0CF5F30F004975AA /* Frameworks */ = {
			isa = PBXFrameworksBuildPhase;
			buildActionMask = 2147483647;
			files = (
				E1B11F7F0CF5F30F004975AA /* Cocoa.framework in Frameworks */,
				E1B11F800CF5F30F004975AA /* Carbon.framework in Frameworks */,
				E1B11F830CF5F30F004975AA /* IOKit.framework in Frameworks */,
				E1B11F840CF5F30F004975AA /* CoreAudio.framework in Frameworks */,
				E1B121B40CF639A1004975AA /* QTKit.framework in Frameworks */,
				E17562620CF8C50B00FC5057 /* Sparkle.framework in Frameworks */,
			);
			runOnlyForDeploymentPostprocessing = 0;
		};
/* End PBXFrameworksBuildPhase section */

/* Begin PBXGroup section */
		080E96DDFE201D6D7F000001 /* Classes */ = {
			isa = PBXGroup;
			children = (
				F560E2F20357506401A4E466 /* PSApplication.h */,
				F560E2F10357506401A4E466 /* PSApplication.m */,
				F560E311035787D501A4E466 /* Controllers */,
				F560E314035787F901A4E466 /* Views */,
				F59E47AF036AAC31016B311C /* Alerts */,
				F560E312035787E001A4E466 /* Alarms */,
				F560E313035787ED01A4E466 /* Utilities */,
				E162698703B6189D00000028 /* Categories */,
			);
			name = Classes;
			sourceTree = "<group>";
		};
		1058C7A0FEA54F0111CA2CBB /* Linked Frameworks */ = {
			isa = PBXGroup;
			children = (
				E17562610CF8C50B00FC5057 /* Sparkle.framework */,
				1058C7A1FEA54F0111CA2CBB /* Cocoa.framework */,
				F5F240D0036A87E301FE7503 /* Carbon.framework */,
				E18DAAEE0442D02500050002 /* CoreAudio.framework */,
				E1B121B30CF639A1004975AA /* QTKit.framework */,
				E14DB31203B8038300000028 /* IOKit.framework */,
			);
			name = "Linked Frameworks";
			sourceTree = "<group>";
		};
		1058C7A2FEA54F0111CA2CBB /* Other Frameworks */ = {
			isa = PBXGroup;
			children = (
				29B97325FDCFA39411CA2CEA /* Foundation.framework */,
				29B97324FDCFA39411CA2CEA /* AppKit.framework */,
			);
			name = "Other Frameworks";
			sourceTree = "<group>";
		};
		19C28FACFE9D520D11CA2CBB /* Products */ = {
			isa = PBXGroup;
			children = (
				E1B11F8C0CF5F30F004975AA /* Pester.app */,
				E19CC5220CFDE3350079DCFC /* libParseDate-10.4.dylib */,
				E19CC5830CFDEB440079DCFC /* libParseDate-10.5.dylib */,
				E198579D104F68EC0082AC3E /* libParseDate-10.6.dylib */,
			);
			name = Products;
			sourceTree = "<group>";
		};
		29B97314FDCFA39411CA2CEA /* Pester */ = {
			isa = PBXGroup;
			children = (
				080E96DDFE201D6D7F000001 /* Classes */,
				29B97315FDCFA39411CA2CEA /* Other Sources */,
				29B97317FDCFA39411CA2CEA /* Resources */,
				29B97323FDCFA39411CA2CEA /* Frameworks */,
				E19DCBE503BE516000B934BF /* Documentation */,
				E17562BC0CF8E7A800FC5057 /* Sparkle */,
				19C28FACFE9D520D11CA2CBB /* Products */,
			);
			name = Pester;
			sourceTree = "<group>";
		};
		29B97315FDCFA39411CA2CEA /* Other Sources */ = {
			isa = PBXGroup;
			children = (
				E19DCBD203BE4AA200B934BF /* Pester_Prefix.h */,
				29B97316FDCFA39411CA2CEA /* main.m */,
			);
			name = "Other Sources";
			sourceTree = "<group>";
		};
		29B97317FDCFA39411CA2CEA /* Resources */ = {
			isa = PBXGroup;
			children = (
				E18830410442B5FC00050002 /* Calendar icons */,
				E18830420442B60000050002 /* Volume icons */,
				F5243DA40378681101AEEDB1 /* Popup triangle.tiff */,
				29B97318FDCFA39411CA2CEA /* MainMenu.nib */,
				F560E2EE03574F8A01A4E466 /* Alarms.nib */,
				F59DC6DF0353DF5E01AEEDB1 /* Notifier.nib */,
				F59E4BDE036B1D94016B311C /* Movie alert.nib */,
				E12790090442A5B100050002 /* Volume.nib */,
				E17F2F4D03FDFB3100050002 /* Calendar.nib */,
				E1DEF10603FF83AC00050002 /* Snooze until.nib */,
				E10F2A3B0402E61C00050002 /* Read Me.nib */,
				E11CB6E0043025F500050002 /* Preferences.nib */,
				E1B11F8B0CF5F30F004975AA /* Info-Pester.plist */,
				089C165CFE840E0CC02AAC07 /* InfoPlist.strings */,
				E10E71F3040C335800050002 /* Localizable.strings */,
				F59DD44F0358ABF4017318D0 /* Credits.html */,
				F59DC6E30353ED1201AEEDB1 /* Application icon.icns */,
			);
			name = Resources;
			sourceTree = "<group>";
		};
		29B97323FDCFA39411CA2CEA /* Frameworks */ = {
			isa = PBXGroup;
			children = (
				1058C7A0FEA54F0111CA2CBB /* Linked Frameworks */,
				1058C7A2FEA54F0111CA2CBB /* Other Frameworks */,
				E17CA7B60CF7D07400018B34 /* Perl */,
			);
			name = Frameworks;
			sourceTree = "<group>";
		};
		E162698703B6189D00000028 /* Categories */ = {
			isa = PBXGroup;
			children = (
				E1F0B26803AEDE8600AEFBE0 /* NSAttributedString-NJRExtensions.h */,
				E1F0B26903AEDE8600AEFBE0 /* NSAttributedString-NJRExtensions.m */,
				E162698903B6190B00000028 /* NSCalendarDate-NJRExtensions.h */,
				E162698A03B6190B00000028 /* NSCalendarDate-NJRExtensions.m */,
				F5B79866038865B30136A8DD /* NSCharacterSet-NJRExtensions.h */,
				F5B79865038865B30136A8DD /* NSCharacterSet-NJRExtensions.m */,
				F5EE8DBA038A76AC0134BEAC /* NSDictionary-NJRExtensions.h */,
				F5EE8DB9038A76AC0134BEAC /* NSDictionary-NJRExtensions.m */,
				E16959290437A4A400050002 /* NSFont-NJRExtensions.h */,
				E169592A0437A4A400050002 /* NSFont-NJRExtensions.m */,
				F59E4C0E036B43D2016B311C /* QTMovie-NJRExtensions.h */,
				F59E4C0D036B43D2016B311C /* QTMovie-NJRExtensions.m */,
				E1F0B14E03ADBE3800AEFBE0 /* NSString-NJRExtensions.h */,
				E1F0B14F03ADBE3800AEFBE0 /* NSString-NJRExtensions.m */,
				E162698303B6189000000028 /* NSTableView-NJRExtensions.m */,
				E162698403B6189000000028 /* NSTableView-NJRExtensions.h */,
				E1B121950CF62FD1004975AA /* NSMenuItem-NJRExtensions.h */,
				E1B121960CF62FD1004975AA /* NSMenuItem-NJRExtensions.m */,
				E11DC3FF0D0A9A6D00CE8CCD /* NSWindowCollectionBehavior.h */,
			);
			name = Categories;
			sourceTree = "<group>";
		};
		E17562BC0CF8E7A800FC5057 /* Sparkle */ = {
			isa = PBXGroup;
			children = (
				E17562BD0CF8E7D000FC5057 /* updates.xml */,
				E17562BE0CF8E7D000FC5057 /* release-notes.html */,
				E17562BF0CF8E7D000FC5057 /* release-notes.css */,
				E17562C00CF8E7D000FC5057 /* Application icon.png */,
			);
			name = Sparkle;
			sourceTree = "<group>";
		};
		E17CA7B60CF7D07400018B34 /* Perl */ = {
			isa = PBXGroup;
			children = (
				E17CA9A90CF7F8C200018B34 /* Manip.pm */,
				E19CC53D0CFDE48C0079DCFC /* ParseDate.h */,
				E19CC53E0CFDE48C0079DCFC /* ParseDate.m */,
				E19CC5270CFDE3C70079DCFC /* DynaLoader-10.4.a */,
				E19CC5260CFDE3C70079DCFC /* DynaLoader-10.5.a */,
			);
			name = Perl;
			sourceTree = "<group>";
		};
		E17F2F4C03FDF67D00050002 /* OACalendarView */ = {
			isa = PBXGroup;
			children = (
				E17F2F4003FDF67700050002 /* NSCalendarDate-OFExtensions.h */,
				E17F2F4503FDF67800050002 /* NSCalendarDate-OFExtensions.m */,
				E17F2F4203FDF67700050002 /* OACalendarView.h */,
				E17F2F4103FDF67700050002 /* OACalendarView.m */,
				E17F2F4403FDF67800050002 /* NSImage-OAExtensions.h */,
				E17F2F4303FDF67700050002 /* NSImage-OAExtensions.m */,
				E1DEF0F903FE9F2C00050002 /* NJROffCenterPanel.h */,
				E1DEF0FA03FE9F2C00050002 /* NJROffCenterPanel.m */,
			);
			name = OACalendarView;
			sourceTree = "<group>";
		};
		E18830410442B5FC00050002 /* Calendar icons */ = {
			isa = PBXGroup;
			children = (
				E17F2F6B03FDFE2C00050002 /* Calendar.tiff */,
				E1DEF0EA03FE1BF100050002 /* OARightArrowPressed.tiff */,
				E1DEF0EB03FE1BF100050002 /* OALeftArrow.tiff */,
				E1DEF0EC03FE1BF100050002 /* OARightArrow.tiff */,
				E1DEF0ED03FE1BF100050002 /* OALeftArrowPressed.tiff */,
			);
			name = "Calendar icons";
			sourceTree = "<group>";
		};
		E18830420442B60000050002 /* Volume icons */ = {
			isa = PBXGroup;
			children = (
				E127900204429F9300050002 /* Volume 0.png */,
				E127900404429F9300050002 /* Volume 1.png */,
				E127900104429F9300050002 /* Volume 2.png */,
				E127900304429F9300050002 /* Volume 3.png */,
			);
			name = "Volume icons";
			sourceTree = "<group>";
		};
		E19DCBE503BE516000B934BF /* Documentation */ = {
			isa = PBXGroup;
			children = (
				F589C9C6035AA12B0155F4B2 /* Read Me.rtfd */,
			);
			name = Documentation;
			path = ../Documentation;
			sourceTree = "<group>";
		};
		F560E311035787D501A4E466 /* Controllers */ = {
			isa = PBXGroup;
			children = (
				F517D63F0356B80C016D68B9 /* PSAlarmsController.h */,
				F517D63E0356B80C016D68B9 /* PSAlarmsController.m */,
				F59DC6D30353C9E601AEEDB1 /* PSAlarmSetController.h */,
				F59DC6D40353C9E601AEEDB1 /* PSAlarmSetController.m */,
				F59E47B5036AAD55016B311C /* PSAlarmAlertController.h */,
				F59E47B4036AAD55016B311C /* PSAlarmAlertController.m */,
				F59DC6DB0353DE5101AEEDB1 /* PSAlarmNotifierController.h */,
				F59DC6DC0353DE5101AEEDB1 /* PSAlarmNotifierController.m */,
				F59E47C1036B1ADD016B311C /* PSMovieAlertController.h */,
				F59E47C0036B1ADD016B311C /* PSMovieAlertController.m */,
				E17F2F3203FDF2F000050002 /* PSCalendarController.h */,
				E17F2F3303FDF2F000050002 /* PSCalendarController.m */,
				E127900C0442A92900050002 /* PSVolumeController.h */,
				E127900D0442A92900050002 /* PSVolumeController.m */,
				E1F993C60436310F00050002 /* PSPreferencesController.h */,
				E1F993C70436310F00050002 /* PSPreferencesController.m */,
				E1DEF10203FF816300050002 /* PSSnoozeUntilController.h */,
				E1DEF10303FF816300050002 /* PSSnoozeUntilController.m */,
				E10F2A3E0402E71400050002 /* NJRReadMeController.h */,
				E10F2A3F0402E71400050002 /* NJRReadMeController.m */,
				F5F198D1036BE57401EB0372 /* NJRTableDelegate.h */,
				F5F198D0036BE57401EB0372 /* NJRTableDelegate.m */,
			);
			name = Controllers;
			sourceTree = "<group>";
		};
		F560E312035787E001A4E466 /* Alarms */ = {
			isa = PBXGroup;
			children = (
				F517D6430356B8CC016D68B9 /* PSAlarms.h */,
				F517D6420356B8CC016D68B9 /* PSAlarms.m */,
				F59F6CB40354E7DA01AEEDB1 /* PSAlarm.h */,
				F59F6CB50354E7DA01AEEDB1 /* PSAlarm.m */,
				E1BF6E9003C928D200050002 /* PSTimer.h */,
				E1BF6E9103C928D200050002 /* PSTimer.m */,
			);
			name = Alarms;
			sourceTree = "<group>";
		};
		F560E313035787ED01A4E466 /* Utilities */ = {
			isa = PBXGroup;
			children = (
				F59E47A6036AA5FC016B311C /* BDAlias */,
				E1DEF116040014EB00050002 /* PSTimeDateEditor.h */,
				E1DEF117040014EB00050002 /* PSTimeDateEditor.m */,
				E1ECA00603C002B300F54C66 /* PSError.h */,
				E1ECA00703C002B300F54C66 /* PSError.m */,
				E1A18CB203B439CF00000028 /* PSPropertyListSerialization.h */,
				E130B9AC03B7C59700000028 /* PSPowerManager.h */,
				E130B9AD03B7C59700000028 /* PSPowerManager.m */,
				F59DC6E90353F58B01AEEDB1 /* NJRIntegerFilter.h */,
				F59DC6E80353F58B01AEEDB1 /* NJRIntegerFilter.m */,
				F59DC6FC0354188F01AEEDB1 /* NJRDateFormatter.h */,
				F59DC6FD0354188F01AEEDB1 /* NJRDateFormatter.m */,
				E11373140439FCC700050002 /* NJRHotKey.h */,
				E11373150439FCC700050002 /* NJRHotKey.m */,
				E145383E043A1DB200050002 /* NJRHotKeyManager.h */,
				E145383F043A1DB200050002 /* NJRHotKeyManager.m */,
				E18DAAEA0442CC3E00050002 /* NJRSoundManager.h */,
				E18DAAEB0442CC3E00050002 /* NJRSoundManager.m */,
				E1CDEC3D0444053F00AEEDB1 /* NJRNonCenteringWindow.h */,
				E1CDEC3E0444053F00AEEDB1 /* NJRNonCenteringWindow.m */,
			);
			name = Utilities;
			sourceTree = "<group>";
		};
		F560E314035787F901A4E466 /* Views */ = {
			isa = PBXGroup;
			children = (
				E17F2F4C03FDF67D00050002 /* OACalendarView */,
				E1F0B14A03AD8CEF00AEFBE0 /* NJRUnfocusableMovieView.h */,
				E1F0B14B03AD8CEF00AEFBE0 /* NJRUnfocusableMovieView.m */,
				F5B79837035F64F80136A8DD /* NJRTableView.h */,
				F5B79836035F64F80136A8DD /* NJRTableView.m */,
				F552A8AB0358E8B201AEEDB1 /* NJRScrollView.h */,
				F552A8AC0358E8B201AEEDB1 /* NJRScrollView.m */,
				E1B46FE804057E3400050002 /* NJRSplitView.h */,
				E1B46FE904057E3400050002 /* NJRSplitView.m */,
				F560E3150357895001A4E466 /* NJRHistoryTrackingComboBox.h */,
				F560E3160357895001A4E466 /* NJRHistoryTrackingComboBox.m */,
				E1F993C10436280200050002 /* NJRHotKeyField.h */,
				E1F993C20436280200050002 /* NJRHotKeyField.m */,
				E14DEC820438969400050002 /* NJRHotKeyFieldCell.h */,
				E14DEC830438969400050002 /* NJRHotKeyFieldCell.m */,
				E13919E203B9E4E100000028 /* NJRIntervalField.h */,
				E13919E303B9E4E100000028 /* NJRIntervalField.m */,
				F5F240B6036A862101FE7503 /* NJRFSObjectSelector.h */,
				F5F240B5036A862101FE7503 /* NJRFSObjectSelector.m */,
				F5F240CD036A877301FE7503 /* NJRQTMediaPopUpButton.h */,
				F5F240CC036A877301FE7503 /* NJRQTMediaPopUpButton.m */,
				E15044650CFCDC7E00DE47E9 /* NJRValidatingField.h */,
				E15044660CFCDC7E00DE47E9 /* NJRValidatingField.m */,
				F5F19871036B822E01EB0372 /* NJRVoicePopUpButton.h */,
				F5F19870036B822E01EB0372 /* NJRVoicePopUpButton.m */,
			);
			name = Views;
			sourceTree = "<group>";
		};
		F59E47A6036AA5FC016B311C /* BDAlias */ = {
			isa = PBXGroup;
			children = (
				F5F240B9036A867901FE7503 /* BDAlias.h */,
				F5F240CA036A869401FE7503 /* BDAlias.m */,
			);
			name = BDAlias;
			sourceTree = "<group>";
		};
		F59E47AF036AAC31016B311C /* Alerts */ = {
			isa = PBXGroup;
			children = (
				E1A18CAB03B4344C00000028 /* PSAlerts.h */,
				E1A18CAC03B4344C00000028 /* PSAlerts.m */,
				F59E47A8036AAA6D016B311C /* PSAlert.h */,
				F59E47A7036AAA6D016B311C /* PSAlert.m */,
				F59E47B9036AB217016B311C /* PSDockBounceAlert.h */,
				F59E47B8036AB217016B311C /* PSDockBounceAlert.m */,
				F59E4BE7036B2E5E016B311C /* PSScriptAlert.h */,
				F59E4BE6036B2E5E016B311C /* PSScriptAlert.m */,
				F59E47B1036AACD1016B311C /* PSNotifierAlert.h */,
				F59E47B0036AACD1016B311C /* PSNotifierAlert.m */,
				E18DA4080442C56D00050002 /* PSMediaAlert.h */,
				E18DA4090442C56D00050002 /* PSMediaAlert.m */,
				F59E47AC036AAC1E016B311C /* PSBeepAlert.h */,
				F59E47AB036AAC1E016B311C /* PSBeepAlert.m */,
				F59E47BD036AB228016B311C /* PSMovieAlert.h */,
				F59E47BC036AB228016B311C /* PSMovieAlert.m */,
				F5F1986D036B813101EB0372 /* PSSpeechAlert.h */,
				F5F1986C036B813101EB0372 /* PSSpeechAlert.m */,
				E19FD39E03C98645001509F3 /* PSWakeAlert.h */,
				E19FD39F03C98645001509F3 /* PSWakeAlert.m */,
			);
			name = Alerts;
			sourceTree = "<group>";
		};
/* End PBXGroup section */

/* Begin PBXNativeTarget section */
		E1985794104F68EC0082AC3E /* ParseDate-10.6 */ = {
			isa = PBXNativeTarget;
			buildConfigurationList = E198579A104F68EC0082AC3E /* Build configuration list for PBXNativeTarget "ParseDate-10.6" */;
			buildPhases = (
				E1985795104F68EC0082AC3E /* Sources */,
				E1985797104F68EC0082AC3E /* Frameworks */,
			);
			buildRules = (
			);
			dependencies = (
			);
			name = "ParseDate-10.6";
			productName = "xsinit-10.4";
			productReference = E198579D104F68EC0082AC3E /* libParseDate-10.6.dylib */;
			productType = "com.apple.product-type.library.dynamic";
		};
		E19CC5210CFDE3350079DCFC /* ParseDate-10.4 */ = {
			isa = PBXNativeTarget;
			buildConfigurationList = E19CC5250CFDE34A0079DCFC /* Build configuration list for PBXNativeTarget "ParseDate-10.4" */;
			buildPhases = (
				E19CC51F0CFDE3350079DCFC /* Sources */,
				E19CC5200CFDE3350079DCFC /* Frameworks */,
			);
			buildRules = (
			);
			dependencies = (
			);
			name = "ParseDate-10.4";
			productName = "xsinit-10.4";
			productReference = E19CC5220CFDE3350079DCFC /* libParseDate-10.4.dylib */;
			productType = "com.apple.product-type.library.dynamic";
		};
		E19CC57B0CFDEB440079DCFC /* ParseDate-10.5 */ = {
			isa = PBXNativeTarget;
			buildConfigurationList = E19CC5800CFDEB440079DCFC /* Build configuration list for PBXNativeTarget "ParseDate-10.5" */;
			buildPhases = (
				E19CC57C0CFDEB440079DCFC /* Sources */,
				E19CC57E0CFDEB440079DCFC /* Frameworks */,
			);
			buildRules = (
			);
			dependencies = (
			);
			name = "ParseDate-10.5";
			productName = "xsinit-10.4";
			productReference = E19CC5830CFDEB440079DCFC /* libParseDate-10.5.dylib */;
			productType = "com.apple.product-type.library.dynamic";
		};
		E1B11EE30CF5F30F004975AA /* Pester */ = {
			isa = PBXNativeTarget;
			buildConfigurationList = E1B11F870CF5F30F004975AA /* Build configuration list for PBXNativeTarget "Pester" */;
			buildPhases = (
				E1B11F3F0CF5F30F004975AA /* Sources */,
				E1B11F7E0CF5F30F004975AA /* Frameworks */,
				E1B11F260CF5F30F004975AA /* Resources */,
				E17CA9A80CF7F89900018B34 /* Copy Perl Modules */,
				E17562730CF8C55D00FC5057 /* Copy Sparkle.framework */,
			);
			buildRules = (
			);
			dependencies = (
				E19CC57A0CFDEB3C0079DCFC /* PBXTargetDependency */,
				E19CC5880CFDEB5E0079DCFC /* PBXTargetDependency */,
				E19857A1104F69150082AC3E /* PBXTargetDependency */,
			);
			name = Pester;
			productInstallPath = /;
			productName = Pester;
			productReference = E1B11F8C0CF5F30F004975AA /* Pester.app */;
			productType = "com.apple.product-type.application";
		};
/* End PBXNativeTarget section */

/* Begin PBXProject section */
		29B97313FDCFA39411CA2CEA /* Project object */ = {
			isa = PBXProject;
			buildConfigurationList = E1B11EDA0CF5F2EB004975AA /* Build configuration list for PBXProject "Pester" */;
			compatibilityVersion = "Xcode 2.4";
			hasScannedForEncodings = 1;
			mainGroup = 29B97314FDCFA39411CA2CEA /* Pester */;
			projectDirPath = "";
			projectRoot = "";
			targets = (
				E1B11EE30CF5F30F004975AA /* Pester */,
				E19CC5210CFDE3350079DCFC /* ParseDate-10.4 */,
				E19CC57B0CFDEB440079DCFC /* ParseDate-10.5 */,
				E1985794104F68EC0082AC3E /* ParseDate-10.6 */,
			);
		};
/* End PBXProject section */

/* Begin PBXResourcesBuildPhase section */
		E1B11F260CF5F30F004975AA /* Resources */ = {
			isa = PBXResourcesBuildPhase;
			buildActionMask = 2147483647;
			files = (
				E19CC5F50CFDEFDB0079DCFC /* libParseDate-10.4.dylib in Resources */,
				E19CC5F60CFDEFDB0079DCFC /* libParseDate-10.5.dylib in Resources */,
				E19857B6104F697D0082AC3E /* libParseDate-10.6.dylib in Resources */,
				E1B11F270CF5F30F004975AA /* Notifier.nib in Resources */,
				E1B11F280CF5F30F004975AA /* Application icon.icns in Resources */,
				E1B11F290CF5F30F004975AA /* Alarms.nib in Resources */,
				E1B11F2A0CF5F30F004975AA /* MainMenu.nib in Resources */,
				E1B11F2B0CF5F30F004975AA /* InfoPlist.strings in Resources */,
				E1B11F2C0CF5F30F004975AA /* Credits.html in Resources */,
				E1B11F2D0CF5F30F004975AA /* Read Me.rtfd in Resources */,
				E1B11F2E0CF5F30F004975AA /* Movie alert.nib in Resources */,
				E1B11F2F0CF5F30F004975AA /* Popup triangle.tiff in Resources */,
				E1B11F300CF5F30F004975AA /* Calendar.nib in Resources */,
				E1B11F310CF5F30F004975AA /* Calendar.tiff in Resources */,
				E1B11F320CF5F30F004975AA /* OARightArrowPressed.tiff in Resources */,
				E1B11F330CF5F30F004975AA /* OALeftArrow.tiff in Resources */,
				E1B11F340CF5F30F004975AA /* OARightArrow.tiff in Resources */,
				E1B11F350CF5F30F004975AA /* OALeftArrowPressed.tiff in Resources */,
				E1B11F360CF5F30F004975AA /* Snooze until.nib in Resources */,
				E1B11F370CF5F30F004975AA /* Read Me.nib in Resources */,
				E1B11F380CF5F30F004975AA /* Localizable.strings in Resources */,
				E1B11F390CF5F30F004975AA /* Preferences.nib in Resources */,
				E1B11F3A0CF5F30F004975AA /* Volume 2.png in Resources */,
				E1B11F3B0CF5F30F004975AA /* Volume 0.png in Resources */,
				E1B11F3C0CF5F30F004975AA /* Volume 3.png in Resources */,
				E1B11F3D0CF5F30F004975AA /* Volume 1.png in Resources */,
				E1B11F3E0CF5F30F004975AA /* Volume.nib in Resources */,
			);
			runOnlyForDeploymentPostprocessing = 0;
		};
/* End PBXResourcesBuildPhase section */

/* Begin PBXSourcesBuildPhase section */
		E1985795104F68EC0082AC3E /* Sources */ = {
			isa = PBXSourcesBuildPhase;
			buildActionMask = 2147483647;
			files = (
				E1985796104F68EC0082AC3E /* ParseDate.m in Sources */,
			);
			runOnlyForDeploymentPostprocessing = 0;
		};
		E19CC51F0CFDE3350079DCFC /* Sources */ = {
			isa = PBXSourcesBuildPhase;
			buildActionMask = 2147483647;
			files = (
				E19CC53F0CFDE48C0079DCFC /* ParseDate.m in Sources */,
			);
			runOnlyForDeploymentPostprocessing = 0;
		};
		E19CC57C0CFDEB440079DCFC /* Sources */ = {
			isa = PBXSourcesBuildPhase;
			buildActionMask = 2147483647;
			files = (
				E19CC57D0CFDEB440079DCFC /* ParseDate.m in Sources */,
			);
			runOnlyForDeploymentPostprocessing = 0;
		};
		E1B11F3F0CF5F30F004975AA /* Sources */ = {
			isa = PBXSourcesBuildPhase;
			buildActionMask = 2147483647;
			files = (
				E1B11F400CF5F30F004975AA /* BDAlias.m in Sources */,
				E1B11F410CF5F30F004975AA /* NJRDateFormatter.m in Sources */,
				E1B11F420CF5F30F004975AA /* NJRFSObjectSelector.m in Sources */,
				E1B11F430CF5F30F004975AA /* NJRHistoryTrackingComboBox.m in Sources */,
				E1B11F440CF5F30F004975AA /* NJRIntegerFilter.m in Sources */,
				E1B11F450CF5F30F004975AA /* NJRQTMediaPopUpButton.m in Sources */,
				E1B11F460CF5F30F004975AA /* NJRScrollView.m in Sources */,
				E1B11F470CF5F30F004975AA /* NJRTableDelegate.m in Sources */,
				E1B11F480CF5F30F004975AA /* NJRTableView.m in Sources */,
				E1B11F490CF5F30F004975AA /* NJRUnfocusableMovieView.m in Sources */,
				E1B11F4A0CF5F30F004975AA /* NJRVoicePopUpButton.m in Sources */,
				E1B11F4B0CF5F30F004975AA /* NSAttributedString-NJRExtensions.m in Sources */,
				E1B11F4C0CF5F30F004975AA /* NSCalendarDate-NJRExtensions.m in Sources */,
				E1B11F4D0CF5F30F004975AA /* NSCharacterSet-NJRExtensions.m in Sources */,
				E1B11F4E0CF5F30F004975AA /* NSDictionary-NJRExtensions.m in Sources */,
				E1B11F500CF5F30F004975AA /* QTMovie-NJRExtensions.m in Sources */,
				E1B11F510CF5F30F004975AA /* NSString-NJRExtensions.m in Sources */,
				E1B11F520CF5F30F004975AA /* NSTableView-NJRExtensions.m in Sources */,
				E1B11F530CF5F30F004975AA /* PSAlarm.m in Sources */,
				E1B11F540CF5F30F004975AA /* PSAlarmAlertController.m in Sources */,
				E1B11F550CF5F30F004975AA /* PSAlarmNotifierController.m in Sources */,
				E1B11F560CF5F30F004975AA /* PSAlarmSetController.m in Sources */,
				E1B11F570CF5F30F004975AA /* PSAlarms.m in Sources */,
				E1B11F580CF5F30F004975AA /* PSAlarmsController.m in Sources */,
				E1B11F590CF5F30F004975AA /* PSAlert.m in Sources */,
				E1B11F5A0CF5F30F004975AA /* PSAlerts.m in Sources */,
				E1B11F5B0CF5F30F004975AA /* PSApplication.m in Sources */,
				E1B11F5C0CF5F30F004975AA /* PSBeepAlert.m in Sources */,
				E1B11F5D0CF5F30F004975AA /* PSDockBounceAlert.m in Sources */,
				E1B11F5E0CF5F30F004975AA /* PSMovieAlert.m in Sources */,
				E1B11F5F0CF5F30F004975AA /* PSMovieAlertController.m in Sources */,
				E1B11F600CF5F30F004975AA /* PSNotifierAlert.m in Sources */,
				E1B11F610CF5F30F004975AA /* PSPowerManager.m in Sources */,
				E1B11F620CF5F30F004975AA /* PSScriptAlert.m in Sources */,
				E1B11F630CF5F30F004975AA /* PSSpeechAlert.m in Sources */,
				E1B11F640CF5F30F004975AA /* main.m in Sources */,
				E1B11F650CF5F30F004975AA /* NJRIntervalField.m in Sources */,
				E1B11F660CF5F30F004975AA /* PSError.m in Sources */,
				E1B11F690CF5F30F004975AA /* PSTimer.m in Sources */,
				E1B11F6A0CF5F30F004975AA /* PSWakeAlert.m in Sources */,
				E1B11F6B0CF5F30F004975AA /* PSCalendarController.m in Sources */,
				E1B11F6C0CF5F30F004975AA /* OACalendarView.m in Sources */,
				E1B11F6D0CF5F30F004975AA /* NSImage-OAExtensions.m in Sources */,
				E1B11F6E0CF5F30F004975AA /* NSCalendarDate-OFExtensions.m in Sources */,
				E1B11F6F0CF5F30F004975AA /* NJROffCenterPanel.m in Sources */,
				E1B11F700CF5F30F004975AA /* PSSnoozeUntilController.m in Sources */,
				E1B11F710CF5F30F004975AA /* PSTimeDateEditor.m in Sources */,
				E1B11F720CF5F30F004975AA /* NJRReadMeController.m in Sources */,
				E1B11F730CF5F30F004975AA /* NJRSplitView.m in Sources */,
				E1B11F740CF5F30F004975AA /* NJRHotKeyField.m in Sources */,
				E1B11F750CF5F30F004975AA /* PSPreferencesController.m in Sources */,
				E1B11F760CF5F30F004975AA /* NSFont-NJRExtensions.m in Sources */,
				E1B11F770CF5F30F004975AA /* NJRHotKeyFieldCell.m in Sources */,
				E1B11F780CF5F30F004975AA /* NJRHotKey.m in Sources */,
				E1B11F790CF5F30F004975AA /* NJRHotKeyManager.m in Sources */,
				E1B11F7A0CF5F30F004975AA /* PSVolumeController.m in Sources */,
				E1B11F7B0CF5F30F004975AA /* PSMediaAlert.m in Sources */,
				E1B11F7C0CF5F30F004975AA /* NJRSoundManager.m in Sources */,
				E1B11F7D0CF5F30F004975AA /* NJRNonCenteringWindow.m in Sources */,
				E1B121970CF62FD1004975AA /* NSMenuItem-NJRExtensions.m in Sources */,
				E15044670CFCDC7E00DE47E9 /* NJRValidatingField.m in Sources */,
			);
			runOnlyForDeploymentPostprocessing = 0;
		};
/* End PBXSourcesBuildPhase section */

/* Begin PBXTargetDependency section */
		E19857A1104F69150082AC3E /* PBXTargetDependency */ = {
			isa = PBXTargetDependency;
			target = E1985794104F68EC0082AC3E /* ParseDate-10.6 */;
			targetProxy = E19857A0104F69150082AC3E /* PBXContainerItemProxy */;
		};
		E19CC57A0CFDEB3C0079DCFC /* PBXTargetDependency */ = {
			isa = PBXTargetDependency;
			target = E19CC5210CFDE3350079DCFC /* ParseDate-10.4 */;
			targetProxy = E19CC5790CFDEB3C0079DCFC /* PBXContainerItemProxy */;
		};
		E19CC5880CFDEB5E0079DCFC /* PBXTargetDependency */ = {
			isa = PBXTargetDependency;
			target = E19CC57B0CFDEB440079DCFC /* ParseDate-10.5 */;
			targetProxy = E19CC5870CFDEB5E0079DCFC /* PBXContainerItemProxy */;
		};
/* End PBXTargetDependency section */

/* Begin PBXVariantGroup section */
		089C165CFE840E0CC02AAC07 /* InfoPlist.strings */ = {
			isa = PBXVariantGroup;
			children = (
				089C165DFE840E0CC02AAC07 /* English */,
			);
			name = InfoPlist.strings;
			sourceTree = "<group>";
		};
		29B97318FDCFA39411CA2CEA /* MainMenu.nib */ = {
			isa = PBXVariantGroup;
			children = (
				29B97319FDCFA39411CA2CEA /* English */,
			);
			name = MainMenu.nib;
			sourceTree = "<group>";
		};
		E10E71F3040C335800050002 /* Localizable.strings */ = {
			isa = PBXVariantGroup;
			children = (
				E10E71F4040C335800050002 /* English */,
			);
			name = Localizable.strings;
			sourceTree = "<group>";
		};
		E10F2A3B0402E61C00050002 /* Read Me.nib */ = {
			isa = PBXVariantGroup;
			children = (
				E10F2A3C0402E61C00050002 /* English */,
			);
			name = "Read Me.nib";
			sourceTree = "<group>";
		};
		E11CB6E0043025F500050002 /* Preferences.nib */ = {
			isa = PBXVariantGroup;
			children = (
				E11CB6E1043025F500050002 /* English */,
			);
			name = Preferences.nib;
			sourceTree = "<group>";
		};
		E12790090442A5B100050002 /* Volume.nib */ = {
			isa = PBXVariantGroup;
			children = (
				E127900A0442A5B100050002 /* Volume.nib */,
			);
			name = Volume.nib;
			sourceTree = "<group>";
		};
		E17F2F4D03FDFB3100050002 /* Calendar.nib */ = {
			isa = PBXVariantGroup;
			children = (
				E17F2F4E03FDFB3100050002 /* English */,
			);
			name = Calendar.nib;
			sourceTree = "<group>";
		};
		E1DEF10603FF83AC00050002 /* Snooze until.nib */ = {
			isa = PBXVariantGroup;
			children = (
				E1DEF10703FF83AC00050002 /* English */,
			);
			name = "Snooze until.nib";
			sourceTree = "<group>";
		};
		F560E2EE03574F8A01A4E466 /* Alarms.nib */ = {
			isa = PBXVariantGroup;
			children = (
				F560E2EF03574F8A01A4E466 /* English */,
			);
			name = Alarms.nib;
			sourceTree = "<group>";
		};
		F59DC6DF0353DF5E01AEEDB1 /* Notifier.nib */ = {
			isa = PBXVariantGroup;
			children = (
				F59DC6E00353DF5E01AEEDB1 /* English */,
			);
			name = Notifier.nib;
			sourceTree = "<group>";
		};
		F59DD44F0358ABF4017318D0 /* Credits.html */ = {
			isa = PBXVariantGroup;
			children = (
				F59DD4500358ABF4017318D0 /* English */,
			);
			name = Credits.html;
			sourceTree = "<group>";
		};
		F59E4BDE036B1D94016B311C /* Movie alert.nib */ = {
			isa = PBXVariantGroup;
			children = (
				F59E4BDF036B1D94016B311C /* English */,
			);
			name = "Movie alert.nib";
			sourceTree = "<group>";
		};
/* End PBXVariantGroup section */

/* Begin XCBuildConfiguration section */
		E198579B104F68EC0082AC3E /* Debug */ = {
			isa = XCBuildConfiguration;
			buildSettings = {
				COPY_PHASE_STRIP = NO;
				EXECUTABLE_PREFIX = lib;
				GCC_DYNAMIC_NO_PIC = NO;
				GCC_MODEL_TUNING = G5;
				GCC_OPTIMIZATION_LEVEL = 0;
				LIBRARY_SEARCH_PATHS = (
					"$(inherited)",
					"$(LIBRARY_SEARCH_PATHS_QUOTED_FOR_TARGET_1)",
					"$(LIBRARY_SEARCH_PATHS_QUOTED_FOR_TARGET_2)",
				);
				LIBRARY_SEARCH_PATHS_QUOTED_FOR_TARGET_1 = "\"$(SRCROOT)\"";
				LIBRARY_SEARCH_PATHS_QUOTED_FOR_TARGET_2 = "\"$(SRCROOT)\"";
				PREBINDING = NO;
				PRODUCT_NAME = "ParseDate-10.6";
				ZERO_LINK = YES;
			};
			name = Debug;
		};
		E198579C104F68EC0082AC3E /* Release */ = {
			isa = XCBuildConfiguration;
			buildSettings = {
				COPY_PHASE_STRIP = YES;
				DEBUG_INFORMATION_FORMAT = "dwarf-with-dsym";
				EXECUTABLE_PREFIX = lib;
				GCC_MODEL_TUNING = G5;
				LIBRARY_SEARCH_PATHS = (
					"$(inherited)",
					"$(LIBRARY_SEARCH_PATHS_QUOTED_FOR_TARGET_1)",
					"$(LIBRARY_SEARCH_PATHS_QUOTED_FOR_TARGET_2)",
				);
				LIBRARY_SEARCH_PATHS_QUOTED_FOR_TARGET_1 = "\"$(SRCROOT)\"";
				LIBRARY_SEARCH_PATHS_QUOTED_FOR_TARGET_2 = "\"$(SRCROOT)\"";
				PREBINDING = NO;
				PRODUCT_NAME = "ParseDate-10.6";
				SKIP_INSTALL = YES;
				ZERO_LINK = NO;
			};
			name = Release;
		};
		E19CC5230CFDE3350079DCFC /* Debug */ = {
			isa = XCBuildConfiguration;
			buildSettings = {
				COPY_PHASE_STRIP = NO;
				EXECUTABLE_PREFIX = lib;
				GCC_DYNAMIC_NO_PIC = NO;
				GCC_MODEL_TUNING = G5;
				GCC_OPTIMIZATION_LEVEL = 0;
				LIBRARY_SEARCH_PATHS = (
					"$(inherited)",
					"$(LIBRARY_SEARCH_PATHS_QUOTED_FOR_TARGET_1)",
				);
				LIBRARY_SEARCH_PATHS_QUOTED_FOR_TARGET_1 = "\"$(SRCROOT)\"";
				PREBINDING = NO;
				PRODUCT_NAME = "ParseDate-10.4";
				ZERO_LINK = YES;
			};
			name = Debug;
		};
		E19CC5240CFDE3350079DCFC /* Release */ = {
			isa = XCBuildConfiguration;
			buildSettings = {
				COPY_PHASE_STRIP = YES;
				DEBUG_INFORMATION_FORMAT = "dwarf-with-dsym";
				EXECUTABLE_PREFIX = lib;
				GCC_MODEL_TUNING = G5;
				LIBRARY_SEARCH_PATHS = (
					"$(inherited)",
					"$(LIBRARY_SEARCH_PATHS_QUOTED_FOR_TARGET_1)",
				);
				LIBRARY_SEARCH_PATHS_QUOTED_FOR_TARGET_1 = "\"$(SRCROOT)\"";
				PREBINDING = NO;
				PRODUCT_NAME = "ParseDate-10.4";
				SKIP_INSTALL = YES;
				ZERO_LINK = NO;
			};
			name = Release;
		};
		E19CC5810CFDEB440079DCFC /* Debug */ = {
			isa = XCBuildConfiguration;
			buildSettings = {
				COPY_PHASE_STRIP = NO;
				EXECUTABLE_PREFIX = lib;
				GCC_DYNAMIC_NO_PIC = NO;
				GCC_MODEL_TUNING = G5;
				GCC_OPTIMIZATION_LEVEL = 0;
				LIBRARY_SEARCH_PATHS = (
					"$(inherited)",
					"$(LIBRARY_SEARCH_PATHS_QUOTED_FOR_TARGET_1)",
					"$(LIBRARY_SEARCH_PATHS_QUOTED_FOR_TARGET_2)",
				);
				LIBRARY_SEARCH_PATHS_QUOTED_FOR_TARGET_1 = "\"$(SRCROOT)\"";
				LIBRARY_SEARCH_PATHS_QUOTED_FOR_TARGET_2 = "\"$(SRCROOT)\"";
				PREBINDING = NO;
				PRODUCT_NAME = "ParseDate-10.5";
				ZERO_LINK = YES;
			};
			name = Debug;
		};
		E19CC5820CFDEB440079DCFC /* Release */ = {
			isa = XCBuildConfiguration;
			buildSettings = {
				COPY_PHASE_STRIP = YES;
				DEBUG_INFORMATION_FORMAT = "dwarf-with-dsym";
				EXECUTABLE_PREFIX = lib;
				GCC_MODEL_TUNING = G5;
				LIBRARY_SEARCH_PATHS = (
					"$(inherited)",
					"$(LIBRARY_SEARCH_PATHS_QUOTED_FOR_TARGET_1)",
					"$(LIBRARY_SEARCH_PATHS_QUOTED_FOR_TARGET_2)",
				);
				LIBRARY_SEARCH_PATHS_QUOTED_FOR_TARGET_1 = "\"$(SRCROOT)\"";
				LIBRARY_SEARCH_PATHS_QUOTED_FOR_TARGET_2 = "\"$(SRCROOT)\"";
				PREBINDING = NO;
				PRODUCT_NAME = "ParseDate-10.5";
				SKIP_INSTALL = YES;
				ZERO_LINK = NO;
			};
			name = Release;
		};
		E1B11ED40CF5F2EB004975AA /* Debug */ = {
			isa = XCBuildConfiguration;
			buildSettings = {
				GCC_C_LANGUAGE_STANDARD = c99;
				GCC_VERSION = 4.0;
				GCC_WARN_64_TO_32_BIT_CONVERSION = YES;
				GCC_WARN_ABOUT_MISSING_FIELD_INITIALIZERS = YES;
				GCC_WARN_ABOUT_RETURN_TYPE = YES;
				GCC_WARN_CHECK_SWITCH_STATEMENTS = YES;
				GCC_WARN_INITIALIZER_NOT_FULLY_BRACKETED = YES;
				GCC_WARN_MISSING_PARENTHESES = YES;
				GCC_WARN_UNDECLARED_SELECTOR = YES;
				GCC_WARN_UNUSED_FUNCTION = YES;
				GCC_WARN_UNUSED_LABEL = YES;
				GCC_WARN_UNUSED_VALUE = YES;
				GCC_WARN_UNUSED_VARIABLE = YES;
				HEADER_SEARCH_PATHS = (
					"/System/Library/Perl/5.8.9/darwin-thread-multi-2level/CORE",
					"/System/Library/Perl/5.8.8/darwin-thread-multi-2level/CORE",
				);
				LIBRARY_SEARCH_PATHS = (
					"/System/Library/Perl/5.8.9/darwin-thread-multi-2level/CORE",
					"/System/Library/Perl/5.8.8/darwin-thread-multi-2level/CORE",
				);
				OTHER_LDFLAGS = "-lperl";
				SDKROOT = /Developer/SDKs/MacOSX10.4u.sdk;
			};
			name = Debug;
		};
		E1B11ED50CF5F2EB004975AA /* Release */ = {
			isa = XCBuildConfiguration;
			buildSettings = {
				ARCHS = (
					i386,
					ppc,
				);
				GCC_C_LANGUAGE_STANDARD = c99;
				GCC_VERSION = 4.0;
				GCC_WARN_64_TO_32_BIT_CONVERSION = YES;
				GCC_WARN_ABOUT_MISSING_FIELD_INITIALIZERS = YES;
				GCC_WARN_ABOUT_RETURN_TYPE = YES;
				GCC_WARN_CHECK_SWITCH_STATEMENTS = YES;
				GCC_WARN_INITIALIZER_NOT_FULLY_BRACKETED = YES;
				GCC_WARN_MISSING_PARENTHESES = YES;
				GCC_WARN_UNDECLARED_SELECTOR = YES;
				GCC_WARN_UNUSED_FUNCTION = YES;
				GCC_WARN_UNUSED_LABEL = YES;
				GCC_WARN_UNUSED_VALUE = YES;
				GCC_WARN_UNUSED_VARIABLE = YES;
				HEADER_SEARCH_PATHS = (
					"/System/Library/Perl/5.8.9/darwin-thread-multi-2level/CORE",
					"/System/Library/Perl/5.8.8/darwin-thread-multi-2level/CORE",
				);
				LIBRARY_SEARCH_PATHS = (
					"/System/Library/Perl/5.8.9/darwin-thread-multi-2level/CORE",
					"/System/Library/Perl/5.8.8/darwin-thread-multi-2level/CORE",
				);
				OTHER_LDFLAGS = "-lperl";
				SDKROOT = /Developer/SDKs/MacOSX10.4u.sdk;
				STRIP_INSTALLED_PRODUCT = NO;
			};
			name = Release;
		};
		E1B11F880CF5F30F004975AA /* Debug */ = {
			isa = XCBuildConfiguration;
			buildSettings = {
				COPY_PHASE_STRIP = NO;
				CURRENT_PROJECT_VERSION = 27;
				FRAMEWORK_SEARCH_PATHS = (
					"$(FRAMEWORK_SEARCH_PATHS_QUOTED_FOR_TARGET_1)",
					"$(FRAMEWORK_SEARCH_PATHS_QUOTED_FOR_TARGET_2)",
				);
				FRAMEWORK_SEARCH_PATHS_QUOTED_FOR_TARGET_1 = "\"$(SYSTEM_LIBRARY_DIR)/PrivateFrameworks\"";
				FRAMEWORK_SEARCH_PATHS_QUOTED_FOR_TARGET_2 = "\"$(SRCROOT)/Sparkle/build/Release\"";
				GCC_DYNAMIC_NO_PIC = NO;
				GCC_GENERATE_DEBUGGING_SYMBOLS = YES;
				GCC_OPTIMIZATION_LEVEL = 0;
				GCC_PRECOMPILE_PREFIX_HEADER = YES;
				GCC_PREFIX_HEADER = Pester_Prefix.h;
				GCC_PREPROCESSOR_DEFINITIONS = NDEBUG;
				GCC_SYMBOLS_PRIVATE_EXTERN = NO;
				GCC_WARN_SHADOW = YES;
				INFOPLIST_FILE = "Info-Pester.plist";
				INSTALL_PATH = /;
				LIBRARY_SEARCH_PATHS = (
					"$(inherited)",
					"$(LIBRARY_SEARCH_PATHS_QUOTED_FOR_TARGET_1)",
					"$(LIBRARY_SEARCH_PATHS_QUOTED_FOR_TARGET_2)",
				);
				LIBRARY_SEARCH_PATHS_QUOTED_FOR_TARGET_1 = "\"$(SYSTEM_LIBRARY_DIR)/Perl/5.8.8/darwin-thread-multi-2level/auto/DynaLoader\"";
				LIBRARY_SEARCH_PATHS_QUOTED_FOR_TARGET_2 = "\"$(SRCROOT)\"";
				PRODUCT_NAME = Pester;
				VERSIONING_SYSTEM = "apple-generic";
				WARNING_CFLAGS = (
					"-Wmost",
					"-Wno-four-char-constants",
					"-Wno-unknown-pragmas",
				);
			};
			name = Debug;
		};
		E1B11F890CF5F30F004975AA /* Release */ = {
			isa = XCBuildConfiguration;
			buildSettings = {
				COPY_PHASE_STRIP = YES;
				CURRENT_PROJECT_VERSION = 27;
				FRAMEWORK_SEARCH_PATHS = (
					"$(FRAMEWORK_SEARCH_PATHS_QUOTED_FOR_TARGET_1)",
					"$(FRAMEWORK_SEARCH_PATHS_QUOTED_FOR_TARGET_2)",
				);
				FRAMEWORK_SEARCH_PATHS_QUOTED_FOR_TARGET_1 = "\"$(SYSTEM_LIBRARY_DIR)/PrivateFrameworks\"";
				FRAMEWORK_SEARCH_PATHS_QUOTED_FOR_TARGET_2 = "\"$(SRCROOT)/Sparkle/build/Release\"";
				GCC_PRECOMPILE_PREFIX_HEADER = YES;
				GCC_PREFIX_HEADER = Pester_Prefix.h;
				GCC_PREPROCESSOR_DEFINITIONS = NDEBUG;
				GCC_SYMBOLS_PRIVATE_EXTERN = NO;
				GCC_WARN_SHADOW = YES;
				INFOPLIST_FILE = "Info-Pester.plist";
				INSTALL_PATH = /;
				LIBRARY_SEARCH_PATHS = (
					"$(inherited)",
					"$(LIBRARY_SEARCH_PATHS_QUOTED_FOR_TARGET_1)",
					"$(LIBRARY_SEARCH_PATHS_QUOTED_FOR_TARGET_2)",
				);
				LIBRARY_SEARCH_PATHS_QUOTED_FOR_TARGET_1 = "\"$(SYSTEM_LIBRARY_DIR)/Perl/5.8.8/darwin-thread-multi-2level/auto/DynaLoader\"";
				LIBRARY_SEARCH_PATHS_QUOTED_FOR_TARGET_2 = "\"$(SRCROOT)\"";
				PRODUCT_NAME = Pester;
				VERSIONING_SYSTEM = "apple-generic";
				WARNING_CFLAGS = (
					"-Wmost",
					"-Wno-four-char-constants",
					"-Wno-unknown-pragmas",
				);
			};
			name = Release;
		};
/* End XCBuildConfiguration section */

/* Begin XCConfigurationList section */
		E198579A104F68EC0082AC3E /* Build configuration list for PBXNativeTarget "ParseDate-10.6" */ = {
			isa = XCConfigurationList;
			buildConfigurations = (
				E198579B104F68EC0082AC3E /* Debug */,
				E198579C104F68EC0082AC3E /* Release */,
			);
			defaultConfigurationIsVisible = 0;
			defaultConfigurationName = Debug;
		};
		E19CC5250CFDE34A0079DCFC /* Build configuration list for PBXNativeTarget "ParseDate-10.4" */ = {
			isa = XCConfigurationList;
			buildConfigurations = (
				E19CC5230CFDE3350079DCFC /* Debug */,
				E19CC5240CFDE3350079DCFC /* Release */,
			);
			defaultConfigurationIsVisible = 0;
			defaultConfigurationName = Debug;
		};
		E19CC5800CFDEB440079DCFC /* Build configuration list for PBXNativeTarget "ParseDate-10.5" */ = {
			isa = XCConfigurationList;
			buildConfigurations = (
				E19CC5810CFDEB440079DCFC /* Debug */,
				E19CC5820CFDEB440079DCFC /* Release */,
			);
			defaultConfigurationIsVisible = 0;
			defaultConfigurationName = Debug;
		};
		E1B11EDA0CF5F2EB004975AA /* Build configuration list for PBXProject "Pester" */ = {
			isa = XCConfigurationList;
			buildConfigurations = (
				E1B11ED40CF5F2EB004975AA /* Debug */,
				E1B11ED50CF5F2EB004975AA /* Release */,
			);
			defaultConfigurationIsVisible = 0;
			defaultConfigurationName = Debug;
		};
		E1B11F870CF5F30F004975AA /* Build configuration list for PBXNativeTarget "Pester" */ = {
			isa = XCConfigurationList;
			buildConfigurations = (
				E1B11F880CF5F30F004975AA /* Debug */,
				E1B11F890CF5F30F004975AA /* Release */,
			);
			defaultConfigurationIsVisible = 0;
			defaultConfigurationName = Debug;
		};
/* End XCConfigurationList section */
	};
	rootObject = 29B97313FDCFA39411CA2CEA /* Project object */;
}
